
Microsoft Visual Studio Solution File, Format Version 12.00
# Visual Studio 15
VisualStudioVersion = 15.0.26124.0
MinimumVisualStudioVersion = 15.0.26124.0
Project("{2150E333-8FDC-42A3-9474-1A3956D46DE8}") = "src", "src", "{FA2EABE3-2A86-4F23-98A7-67B621E4139A}"
EndProject
Project("{13B669BE-BB05-4DDF-9536-439F39A36129}") = "ElectricFreedom.Console.BufferPoster", "src\ElectricFreedom.Console.BufferPoster\ElectricFreedom.Console.BufferPoster.csproj", "{E642DEDA-B11F-4C73-B2D8-B03C57BA7666}"
EndProject
Project("{13B669BE-BB05-4DDF-9536-439F39A36129}") = "ElectricFreedom.Core.Data", "src\ElectricFreedom.Core.Data\ElectricFreedom.Core.Data.csproj", "{4B4FAE98-B480-4982-B6F1-A9FD43583EF6}"
EndProject
Project("{13B669BE-BB05-4DDF-9536-439F39A36129}") = "ElectricFreedom.Core.Model", "src\ElectricFreedom.Core.Model\ElectricFreedom.Core.Model.csproj", "{FF030293-A8B2-4647-94A3-93A5A964789A}"
EndProject
Project("{13B669BE-BB05-4DDF-9536-439F39A36129}") = "ElectricFreedom.Core.Services", "src\ElectricFreedom.Core.Services\ElectricFreedom.Core.Services.csproj", "{997BF97B-6EEC-4BB1-B64B-FFF8369C9372}"
EndProject
Project("{13B669BE-BB05-4DDF-9536-439F39A36129}") = "ElectricFreedom.Core.Services.Interfaces", "src\ElectricFreedom.Core.Services.Interfaces\ElectricFreedom.Core.Services.Interfaces.csproj", "{F6E4C412-A9F9-4EF9-8467-72764F236328}"
EndProject
Project("{13B669BE-BB05-4DDF-9536-439F39A36129}") = "ElectricFreedom.Web.Admin", "src\ElectricFreedom.Web.Admin\ElectricFreedom.Web.Admin.csproj", "{1996F196-01C4-4A4E-A741-9C110F1DF91F}"
EndProject
Project("{13B669BE-BB05-4DDF-9536-439F39A36129}") = "ElectricFreedom.Web.Api", "src\ElectricFreedom.Web.Api\ElectricFreedom.Web.Api.csproj", "{EDD5D12E-77AE-4FC6-B84C-FC355EAED1B0}"
EndProject
Project("{13B669BE-BB05-4DDF-9536-439F39A36129}") = "ElectricFreedom.Web.Public", "src\ElectricFreedom.Web.Public\ElectricFreedom.Web.Public.csproj", "{27660D7F-8B1E-4171-B2C1-52C28C976BBB}"
EndProject
Project("{13B669BE-BB05-4DDF-9536-439F39A36129}") = "ElectricFreedom.Web.Scripts", "src\ElectricFreedom.Web.Scripts\ElectricFreedom.Web.Scripts.csproj", "{F6D03A6F-9A50-4FE5-90FA-1E84152AED1F}"
EndProject
Project("{2150E333-8FDC-42A3-9474-1A3956D46DE8}") = "tests", "tests", "{80E1FB6A-11BA-416B-A96E-09DBDA0BCF33}"
EndProject
Project("{13B669BE-BB05-4DDF-9536-439F39A36129}") = "ElectricFreedom.Console.BufferPoster.Tests", "tests\ElectricFreedom.Console.BufferPoster.Tests\ElectricFreedom.Console.BufferPoster.Tests.csproj", "{21309FC2-DC7E-4FFC-AFE8-23256449BABA}"
EndProject
Project("{13B669BE-BB05-4DDF-9536-439F39A36129}") = "ElectricFreedom.Core.Model.Tests", "tests\ElectricFreedom.Core.Model.Tests\ElectricFreedom.Core.Model.Tests.csproj", "{020112A6-8450-4A10-8FE5-99819E50B491}"
EndProject
Project("{13B669BE-BB05-4DDF-9536-439F39A36129}") = "ElectricFreedom.Core.Services.Tests", "tests\ElectricFreedom.Core.Services.Tests\ElectricFreedom.Core.Services.Tests.csproj", "{88B030C1-047C-4979-B22D-CA57FB89DDAE}"
EndProject
Project("{13B669BE-BB05-4DDF-9536-439F39A36129}") = "ElectricFreedom.Web.Admin.Tests", "tests\ElectricFreedom.Web.Admin.Tests\ElectricFreedom.Web.Admin.Tests.csproj", "{6ED1E0E8-BF60-4827-91AE-9DF6A62BF1D9}"
EndProject
Project("{13B669BE-BB05-4DDF-9536-439F39A36129}") = "ElectricFreedom.Web.Api.Tests", "tests\ElectricFreedom.Web.Api.Tests\ElectricFreedom.Web.Api.Tests.csproj", "{FF172537-B90C-4EEC-BDB3-61D7444021B0}"
EndProject
Project("{13B669BE-BB05-4DDF-9536-439F39A36129}") = "ElectricFreedom.Web.Public.Tests", "tests\ElectricFreedom.Web.Public.Tests\ElectricFreedom.Web.Public.Tests.csproj", "{3B369CCD-830F-4BA9-888B-ECFB129AD831}"
EndProject
Project("{13B669BE-BB05-4DDF-9536-439F39A36129}") = "ElectricFreedom.Web.Scripts.Tests", "tests\ElectricFreedom.Web.Scripts.Tests\ElectricFreedom.Web.Scripts.Tests.csproj", "{1D8E40B4-BD55-48A5-9C76-AB73D79AF574}"
EndProject
Global
	GlobalSection(SolutionConfigurationPlatforms) = preSolution
		Debug|Any CPU = Debug|Any CPU
		Debug|x64 = Debug|x64
		Debug|x86 = Debug|x86
		Release|Any CPU = Release|Any CPU
		Release|x64 = Release|x64
		Release|x86 = Release|x86
	EndGlobalSection
	GlobalSection(SolutionProperties) = preSolution
		HideSolutionNode = FALSE
	EndGlobalSection
	GlobalSection(ProjectConfigurationPlatforms) = postSolution
		{E642DEDA-B11F-4C73-B2D8-B03C57BA7666}.Debug|Any CPU.ActiveCfg = Debug|Any CPU
		{E642DEDA-B11F-4C73-B2D8-B03C57BA7666}.Debug|Any CPU.Build.0 = Debug|Any CPU
		{E642DEDA-B11F-4C73-B2D8-B03C57BA7666}.Debug|x64.ActiveCfg = Debug|x64
		{E642DEDA-B11F-4C73-B2D8-B03C57BA7666}.Debug|x64.Build.0 = Debug|x64
		{E642DEDA-B11F-4C73-B2D8-B03C57BA7666}.Debug|x86.ActiveCfg = Debug|x86
		{E642DEDA-B11F-4C73-B2D8-B03C57BA7666}.Debug|x86.Build.0 = Debug|x86
		{E642DEDA-B11F-4C73-B2D8-B03C57BA7666}.Release|Any CPU.ActiveCfg = Release|Any CPU
		{E642DEDA-B11F-4C73-B2D8-B03C57BA7666}.Release|Any CPU.Build.0 = Release|Any CPU
		{E642DEDA-B11F-4C73-B2D8-B03C57BA7666}.Release|x64.ActiveCfg = Release|x64
		{E642DEDA-B11F-4C73-B2D8-B03C57BA7666}.Release|x64.Build.0 = Release|x64
		{E642DEDA-B11F-4C73-B2D8-B03C57BA7666}.Release|x86.ActiveCfg = Release|x86
		{E642DEDA-B11F-4C73-B2D8-B03C57BA7666}.Release|x86.Build.0 = Release|x86
		{4B4FAE98-B480-4982-B6F1-A9FD43583EF6}.Debug|Any CPU.ActiveCfg = Debug|Any CPU
		{4B4FAE98-B480-4982-B6F1-A9FD43583EF6}.Debug|Any CPU.Build.0 = Debug|Any CPU
		{4B4FAE98-B480-4982-B6F1-A9FD43583EF6}.Debug|x64.ActiveCfg = Debug|x64
		{4B4FAE98-B480-4982-B6F1-A9FD43583EF6}.Debug|x64.Build.0 = Debug|x64
		{4B4FAE98-B480-4982-B6F1-A9FD43583EF6}.Debug|x86.ActiveCfg = Debug|x86
		{4B4FAE98-B480-4982-B6F1-A9FD43583EF6}.Debug|x86.Build.0 = Debug|x86
		{4B4FAE98-B480-4982-B6F1-A9FD43583EF6}.Release|Any CPU.ActiveCfg = Release|Any CPU
		{4B4FAE98-B480-4982-B6F1-A9FD43583EF6}.Release|Any CPU.Build.0 = Release|Any CPU
		{4B4FAE98-B480-4982-B6F1-A9FD43583EF6}.Release|x64.ActiveCfg = Release|x64
		{4B4FAE98-B480-4982-B6F1-A9FD43583EF6}.Release|x64.Build.0 = Release|x64
		{4B4FAE98-B480-4982-B6F1-A9FD43583EF6}.Release|x86.ActiveCfg = Release|x86
		{4B4FAE98-B480-4982-B6F1-A9FD43583EF6}.Release|x86.Build.0 = Release|x86
		{FF030293-A8B2-4647-94A3-93A5A964789A}.Debug|Any CPU.ActiveCfg = Debug|Any CPU
		{FF030293-A8B2-4647-94A3-93A5A964789A}.Debug|Any CPU.Build.0 = Debug|Any CPU
		{FF030293-A8B2-4647-94A3-93A5A964789A}.Debug|x64.ActiveCfg = Debug|x64
		{FF030293-A8B2-4647-94A3-93A5A964789A}.Debug|x64.Build.0 = Debug|x64
		{FF030293-A8B2-4647-94A3-93A5A964789A}.Debug|x86.ActiveCfg = Debug|x86
		{FF030293-A8B2-4647-94A3-93A5A964789A}.Debug|x86.Build.0 = Debug|x86
		{FF030293-A8B2-4647-94A3-93A5A964789A}.Release|Any CPU.ActiveCfg = Release|Any CPU
		{FF030293-A8B2-4647-94A3-93A5A964789A}.Release|Any CPU.Build.0 = Release|Any CPU
		{FF030293-A8B2-4647-94A3-93A5A964789A}.Release|x64.ActiveCfg = Release|x64
		{FF030293-A8B2-4647-94A3-93A5A964789A}.Release|x64.Build.0 = Release|x64
		{FF030293-A8B2-4647-94A3-93A5A964789A}.Release|x86.ActiveCfg = Release|x86
		{FF030293-A8B2-4647-94A3-93A5A964789A}.Release|x86.Build.0 = Release|x86
		{997BF97B-6EEC-4BB1-B64B-FFF8369C9372}.Debug|Any CPU.ActiveCfg = Debug|Any CPU
		{997BF97B-6EEC-4BB1-B64B-FFF8369C9372}.Debug|Any CPU.Build.0 = Debug|Any CPU
		{997BF97B-6EEC-4BB1-B64B-FFF8369C9372}.Debug|x64.ActiveCfg = Debug|x64
		{997BF97B-6EEC-4BB1-B64B-FFF8369C9372}.Debug|x64.Build.0 = Debug|x64
		{997BF97B-6EEC-4BB1-B64B-FFF8369C9372}.Debug|x86.ActiveCfg = Debug|x86
		{997BF97B-6EEC-4BB1-B64B-FFF8369C9372}.Debug|x86.Build.0 = Debug|x86
		{997BF97B-6EEC-4BB1-B64B-FFF8369C9372}.Release|Any CPU.ActiveCfg = Release|Any CPU
		{997BF97B-6EEC-4BB1-B64B-FFF8369C9372}.Release|Any CPU.Build.0 = Release|Any CPU
		{997BF97B-6EEC-4BB1-B64B-FFF8369C9372}.Release|x64.ActiveCfg = Release|x64
		{997BF97B-6EEC-4BB1-B64B-FFF8369C9372}.Release|x64.Build.0 = Release|x64
		{997BF97B-6EEC-4BB1-B64B-FFF8369C9372}.Release|x86.ActiveCfg = Release|x86
		{997BF97B-6EEC-4BB1-B64B-FFF8369C9372}.Release|x86.Build.0 = Release|x86
		{F6E4C412-A9F9-4EF9-8467-72764F236328}.Debug|Any CPU.ActiveCfg = Debug|Any CPU
		{F6E4C412-A9F9-4EF9-8467-72764F236328}.Debug|Any CPU.Build.0 = Debug|Any CPU
		{F6E4C412-A9F9-4EF9-8467-72764F236328}.Debug|x64.ActiveCfg = Debug|x64
		{F6E4C412-A9F9-4EF9-8467-72764F236328}.Debug|x64.Build.0 = Debug|x64
		{F6E4C412-A9F9-4EF9-8467-72764F236328}.Debug|x86.ActiveCfg = Debug|x86
		{F6E4C412-A9F9-4EF9-8467-72764F236328}.Debug|x86.Build.0 = Debug|x86
		{F6E4C412-A9F9-4EF9-8467-72764F236328}.Release|Any CPU.ActiveCfg = Release|Any CPU
		{F6E4C412-A9F9-4EF9-8467-72764F236328}.Release|Any CPU.Build.0 = Release|Any CPU
		{F6E4C412-A9F9-4EF9-8467-72764F236328}.Release|x64.ActiveCfg = Release|x64
		{F6E4C412-A9F9-4EF9-8467-72764F236328}.Release|x64.Build.0 = Release|x64
		{F6E4C412-A9F9-4EF9-8467-72764F236328}.Release|x86.ActiveCfg = Release|x86
		{F6E4C412-A9F9-4EF9-8467-72764F236328}.Release|x86.Build.0 = Release|x86
		{1996F196-01C4-4A4E-A741-9C110F1DF91F}.Debug|Any CPU.ActiveCfg = Debug|Any CPU
		{1996F196-01C4-4A4E-A741-9C110F1DF91F}.Debug|Any CPU.Build.0 = Debug|Any CPU
		{1996F196-01C4-4A4E-A741-9C110F1DF91F}.Debug|x64.ActiveCfg = Debug|x64
		{1996F196-01C4-4A4E-A741-9C110F1DF91F}.Debug|x64.Build.0 = Debug|x64
		{1996F196-01C4-4A4E-A741-9C110F1DF91F}.Debug|x86.ActiveCfg = Debug|x86
		{1996F196-01C4-4A4E-A741-9C110F1DF91F}.Debug|x86.Build.0 = Debug|x86
		{1996F196-01C4-4A4E-A741-9C110F1DF91F}.Release|Any CPU.ActiveCfg = Release|Any CPU
		{1996F196-01C4-4A4E-A741-9C110F1DF91F}.Release|Any CPU.Build.0 = Release|Any CPU
		{1996F196-01C4-4A4E-A741-9C110F1DF91F}.Release|x64.ActiveCfg = Release|x64
		{1996F196-01C4-4A4E-A741-9C110F1DF91F}.Release|x64.Build.0 = Release|x64
		{1996F196-01C4-4A4E-A741-9C110F1DF91F}.Release|x86.ActiveCfg = Release|x86
		{1996F196-01C4-4A4E-A741-9C110F1DF91F}.Release|x86.Build.0 = Release|x86
		{EDD5D12E-77AE-4FC6-B84C-FC355EAED1B0}.Debug|Any CPU.ActiveCfg = Debug|Any CPU
		{EDD5D12E-77AE-4FC6-B84C-FC355EAED1B0}.Debug|Any CPU.Build.0 = Debug|Any CPU
		{EDD5D12E-77AE-4FC6-B84C-FC355EAED1B0}.Debug|x64.ActiveCfg = Debug|x64
		{EDD5D12E-77AE-4FC6-B84C-FC355EAED1B0}.Debug|x64.Build.0 = Debug|x64
		{EDD5D12E-77AE-4FC6-B84C-FC355EAED1B0}.Debug|x86.ActiveCfg = Debug|x86
		{EDD5D12E-77AE-4FC6-B84C-FC355EAED1B0}.Debug|x86.Build.0 = Debug|x86
		{EDD5D12E-77AE-4FC6-B84C-FC355EAED1B0}.Release|Any CPU.ActiveCfg = Release|Any CPU
		{EDD5D12E-77AE-4FC6-B84C-FC355EAED1B0}.Release|Any CPU.Build.0 = Release|Any CPU
		{EDD5D12E-77AE-4FC6-B84C-FC355EAED1B0}.Release|x64.ActiveCfg = Release|x64
		{EDD5D12E-77AE-4FC6-B84C-FC355EAED1B0}.Release|x64.Build.0 = Release|x64
		{EDD5D12E-77AE-4FC6-B84C-FC355EAED1B0}.Release|x86.ActiveCfg = Release|x86
		{EDD5D12E-77AE-4FC6-B84C-FC355EAED1B0}.Release|x86.Build.0 = Release|x86
		{27660D7F-8B1E-4171-B2C1-52C28C976BBB}.Debug|Any CPU.ActiveCfg = Debug|Any CPU
		{27660D7F-8B1E-4171-B2C1-52C28C976BBB}.Debug|Any CPU.Build.0 = Debug|Any CPU
		{27660D7F-8B1E-4171-B2C1-52C28C976BBB}.Debug|x64.ActiveCfg = Debug|x64
		{27660D7F-8B1E-4171-B2C1-52C28C976BBB}.Debug|x64.Build.0 = Debug|x64
		{27660D7F-8B1E-4171-B2C1-52C28C976BBB}.Debug|x86.ActiveCfg = Debug|x86
		{27660D7F-8B1E-4171-B2C1-52C28C976BBB}.Debug|x86.Build.0 = Debug|x86
		{27660D7F-8B1E-4171-B2C1-52C28C976BBB}.Release|Any CPU.ActiveCfg = Release|Any CPU
		{27660D7F-8B1E-4171-B2C1-52C28C976BBB}.Release|Any CPU.Build.0 = Release|Any CPU
		{27660D7F-8B1E-4171-B2C1-52C28C976BBB}.Release|x64.ActiveCfg = Release|x64
		{27660D7F-8B1E-4171-B2C1-52C28C976BBB}.Release|x64.Build.0 = Release|x64
		{27660D7F-8B1E-4171-B2C1-52C28C976BBB}.Release|x86.ActiveCfg = Release|x86
		{27660D7F-8B1E-4171-B2C1-52C28C976BBB}.Release|x86.Build.0 = Release|x86
		{F6D03A6F-9A50-4FE5-90FA-1E84152AED1F}.Debug|Any CPU.ActiveCfg = Debug|Any CPU
		{F6D03A6F-9A50-4FE5-90FA-1E84152AED1F}.Debug|Any CPU.Build.0 = Debug|Any CPU
		{F6D03A6F-9A50-4FE5-90FA-1E84152AED1F}.Debug|x64.ActiveCfg = Debug|x64
		{F6D03A6F-9A50-4FE5-90FA-1E84152AED1F}.Debug|x64.Build.0 = Debug|x64
		{F6D03A6F-9A50-4FE5-90FA-1E84152AED1F}.Debug|x86.ActiveCfg = Debug|x86
		{F6D03A6F-9A50-4FE5-90FA-1E84152AED1F}.Debug|x86.Build.0 = Debug|x86
		{F6D03A6F-9A50-4FE5-90FA-1E84152AED1F}.Release|Any CPU.ActiveCfg = Release|Any CPU
		{F6D03A6F-9A50-4FE5-90FA-1E84152AED1F}.Release|Any CPU.Build.0 = Release|Any CPU
		{F6D03A6F-9A50-4FE5-90FA-1E84152AED1F}.Release|x64.ActiveCfg = Release|x64
		{F6D03A6F-9A50-4FE5-90FA-1E84152AED1F}.Release|x64.Build.0 = Release|x64
		{F6D03A6F-9A50-4FE5-90FA-1E84152AED1F}.Release|x86.ActiveCfg = Release|x86
		{F6D03A6F-9A50-4FE5-90FA-1E84152AED1F}.Release|x86.Build.0 = Release|x86
		{21309FC2-DC7E-4FFC-AFE8-23256449BABA}.Debug|Any CPU.ActiveCfg = Debug|Any CPU
		{21309FC2-DC7E-4FFC-AFE8-23256449BABA}.Debug|Any CPU.Build.0 = Debug|Any CPU
		{21309FC2-DC7E-4FFC-AFE8-23256449BABA}.Debug|x64.ActiveCfg = Debug|x64
		{21309FC2-DC7E-4FFC-AFE8-23256449BABA}.Debug|x64.Build.0 = Debug|x64
		{21309FC2-DC7E-4FFC-AFE8-23256449BABA}.Debug|x86.ActiveCfg = Debug|x86
		{21309FC2-DC7E-4FFC-AFE8-23256449BABA}.Debug|x86.Build.0 = Debug|x86
		{21309FC2-DC7E-4FFC-AFE8-23256449BABA}.Release|Any CPU.ActiveCfg = Release|Any CPU
		{21309FC2-DC7E-4FFC-AFE8-23256449BABA}.Release|Any CPU.Build.0 = Release|Any CPU
		{21309FC2-DC7E-4FFC-AFE8-23256449BABA}.Release|x64.ActiveCfg = Release|x64
		{21309FC2-DC7E-4FFC-AFE8-23256449BABA}.Release|x64.Build.0 = Release|x64
		{21309FC2-DC7E-4FFC-AFE8-23256449BABA}.Release|x86.ActiveCfg = Release|x86
		{21309FC2-DC7E-4FFC-AFE8-23256449BABA}.Release|x86.Build.0 = Release|x86
		{020112A6-8450-4A10-8FE5-99819E50B491}.Debug|Any CPU.ActiveCfg = Debug|Any CPU
		{020112A6-8450-4A10-8FE5-99819E50B491}.Debug|Any CPU.Build.0 = Debug|Any CPU
		{020112A6-8450-4A10-8FE5-99819E50B491}.Debug|x64.ActiveCfg = Debug|x64
		{020112A6-8450-4A10-8FE5-99819E50B491}.Debug|x64.Build.0 = Debug|x64
		{020112A6-8450-4A10-8FE5-99819E50B491}.Debug|x86.ActiveCfg = Debug|x86
		{020112A6-8450-4A10-8FE5-99819E50B491}.Debug|x86.Build.0 = Debug|x86
		{020112A6-8450-4A10-8FE5-99819E50B491}.Release|Any CPU.ActiveCfg = Release|Any CPU
		{020112A6-8450-4A10-8FE5-99819E50B491}.Release|Any CPU.Build.0 = Release|Any CPU
		{020112A6-8450-4A10-8FE5-99819E50B491}.Release|x64.ActiveCfg = Release|x64
		{020112A6-8450-4A10-8FE5-99819E50B491}.Release|x64.Build.0 = Release|x64
		{020112A6-8450-4A10-8FE5-99819E50B491}.Release|x86.ActiveCfg = Release|x86
		{020112A6-8450-4A10-8FE5-99819E50B491}.Release|x86.Build.0 = Release|x86
		{88B030C1-047C-4979-B22D-CA57FB89DDAE}.Debug|Any CPU.ActiveCfg = Debug|Any CPU
		{88B030C1-047C-4979-B22D-CA57FB89DDAE}.Debug|Any CPU.Build.0 = Debug|Any CPU
		{88B030C1-047C-4979-B22D-CA57FB89DDAE}.Debug|x64.ActiveCfg = Debug|x64
		{88B030C1-047C-4979-B22D-CA57FB89DDAE}.Debug|x64.Build.0 = Debug|x64
		{88B030C1-047C-4979-B22D-CA57FB89DDAE}.Debug|x86.ActiveCfg = Debug|x86
		{88B030C1-047C-4979-B22D-CA57FB89DDAE}.Debug|x86.Build.0 = Debug|x86
		{88B030C1-047C-4979-B22D-CA57FB89DDAE}.Release|Any CPU.ActiveCfg = Release|Any CPU
		{88B030C1-047C-4979-B22D-CA57FB89DDAE}.Release|Any CPU.Build.0 = Release|Any CPU
		{88B030C1-047C-4979-B22D-CA57FB89DDAE}.Release|x64.ActiveCfg = Release|x64
		{88B030C1-047C-4979-B22D-CA57FB89DDAE}.Release|x64.Build.0 = Release|x64
		{88B030C1-047C-4979-B22D-CA57FB89DDAE}.Release|x86.ActiveCfg = Release|x86
		{88B030C1-047C-4979-B22D-CA57FB89DDAE}.Release|x86.Build.0 = Release|x86
		{6ED1E0E8-BF60-4827-91AE-9DF6A62BF1D9}.Debug|Any CPU.ActiveCfg = Debug|Any CPU
		{6ED1E0E8-BF60-4827-91AE-9DF6A62BF1D9}.Debug|Any CPU.Build.0 = Debug|Any CPU
		{6ED1E0E8-BF60-4827-91AE-9DF6A62BF1D9}.Debug|x64.ActiveCfg = Debug|x64
		{6ED1E0E8-BF60-4827-91AE-9DF6A62BF1D9}.Debug|x64.Build.0 = Debug|x64
		{6ED1E0E8-BF60-4827-91AE-9DF6A62BF1D9}.Debug|x86.ActiveCfg = Debug|x86
		{6ED1E0E8-BF60-4827-91AE-9DF6A62BF1D9}.Debug|x86.Build.0 = Debug|x86
		{6ED1E0E8-BF60-4827-91AE-9DF6A62BF1D9}.Release|Any CPU.ActiveCfg = Release|Any CPU
		{6ED1E0E8-BF60-4827-91AE-9DF6A62BF1D9}.Release|Any CPU.Build.0 = Release|Any CPU
		{6ED1E0E8-BF60-4827-91AE-9DF6A62BF1D9}.Release|x64.ActiveCfg = Release|x64
		{6ED1E0E8-BF60-4827-91AE-9DF6A62BF1D9}.Release|x64.Build.0 = Release|x64
		{6ED1E0E8-BF60-4827-91AE-9DF6A62BF1D9}.Release|x86.ActiveCfg = Release|x86
		{6ED1E0E8-BF60-4827-91AE-9DF6A62BF1D9}.Release|x86.Build.0 = Release|x86
		{FF172537-B90C-4EEC-BDB3-61D7444021B0}.Debug|Any CPU.ActiveCfg = Debug|Any CPU
		{FF172537-B90C-4EEC-BDB3-61D7444021B0}.Debug|Any CPU.Build.0 = Debug|Any CPU
		{FF172537-B90C-4EEC-BDB3-61D7444021B0}.Debug|x64.ActiveCfg = Debug|x64
		{FF172537-B90C-4EEC-BDB3-61D7444021B0}.Debug|x64.Build.0 = Debug|x64
		{FF172537-B90C-4EEC-BDB3-61D7444021B0}.Debug|x86.ActiveCfg = Debug|x86
		{FF172537-B90C-4EEC-BDB3-61D7444021B0}.Debug|x86.Build.0 = Debug|x86
		{FF172537-B90C-4EEC-BDB3-61D7444021B0}.Release|Any CPU.ActiveCfg = Release|Any CPU
		{FF172537-B90C-4EEC-BDB3-61D7444021B0}.Release|Any CPU.Build.0 = Release|Any CPU
		{FF172537-B90C-4EEC-BDB3-61D7444021B0}.Release|x64.ActiveCfg = Release|x64
		{FF172537-B90C-4EEC-BDB3-61D7444021B0}.Release|x64.Build.0 = Release|x64
		{FF172537-B90C-4EEC-BDB3-61D7444021B0}.Release|x86.ActiveCfg = Release|x86
		{FF172537-B90C-4EEC-BDB3-61D7444021B0}.Release|x86.Build.0 = Release|x86
		{3B369CCD-830F-4BA9-888B-ECFB129AD831}.Debug|Any CPU.ActiveCfg = Debug|Any CPU
		{3B369CCD-830F-4BA9-888B-ECFB129AD831}.Debug|Any CPU.Build.0 = Debug|Any CPU
		{3B369CCD-830F-4BA9-888B-ECFB129AD831}.Debug|x64.ActiveCfg = Debug|x64
		{3B369CCD-830F-4BA9-888B-ECFB129AD831}.Debug|x64.Build.0 = Debug|x64
		{3B369CCD-830F-4BA9-888B-ECFB129AD831}.Debug|x86.ActiveCfg = Debug|x86
		{3B369CCD-830F-4BA9-888B-ECFB129AD831}.Debug|x86.Build.0 = Debug|x86
		{3B369CCD-830F-4BA9-888B-ECFB129AD831}.Release|Any CPU.ActiveCfg = Release|Any CPU
		{3B369CCD-830F-4BA9-888B-ECFB129AD831}.Release|Any CPU.Build.0 = Release|Any CPU
		{3B369CCD-830F-4BA9-888B-ECFB129AD831}.Release|x64.ActiveCfg = Release|x64
		{3B369CCD-830F-4BA9-888B-ECFB129AD831}.Release|x64.Build.0 = Release|x64
		{3B369CCD-830F-4BA9-888B-ECFB129AD831}.Release|x86.ActiveCfg = Release|x86
		{3B369CCD-830F-4BA9-888B-ECFB129AD831}.Release|x86.Build.0 = Release|x86
		{1D8E40B4-BD55-48A5-9C76-AB73D79AF574}.Debug|Any CPU.ActiveCfg = Debug|Any CPU
		{1D8E40B4-BD55-48A5-9C76-AB73D79AF574}.Debug|Any CPU.Build.0 = Debug|Any CPU
		{1D8E40B4-BD55-48A5-9C76-AB73D79AF574}.Debug|x64.ActiveCfg = Debug|x64
		{1D8E40B4-BD55-48A5-9C76-AB73D79AF574}.Debug|x64.Build.0 = Debug|x64
		{1D8E40B4-BD55-48A5-9C76-AB73D79AF574}.Debug|x86.ActiveCfg = Debug|x86
		{1D8E40B4-BD55-48A5-9C76-AB73D79AF574}.Debug|x86.Build.0 = Debug|x86
		{1D8E40B4-BD55-48A5-9C76-AB73D79AF574}.Release|Any CPU.ActiveCfg = Release|Any CPU
		{1D8E40B4-BD55-48A5-9C76-AB73D79AF574}.Release|Any CPU.Build.0 = Release|Any CPU
		{1D8E40B4-BD55-48A5-9C76-AB73D79AF574}.Release|x64.ActiveCfg = Release|x64
		{1D8E40B4-BD55-48A5-9C76-AB73D79AF574}.Release|x64.Build.0 = Release|x64
		{1D8E40B4-BD55-48A5-9C76-AB73D79AF574}.Release|x86.ActiveCfg = Release|x86
		{1D8E40B4-BD55-48A5-9C76-AB73D79AF574}.Release|x86.Build.0 = Release|x86
	EndGlobalSection
	GlobalSection(NestedProjects) = preSolution
		{E642DEDA-B11F-4C73-B2D8-B03C57BA7666} = {FA2EABE3-2A86-4F23-98A7-67B621E4139A}
		{4B4FAE98-B480-4982-B6F1-A9FD43583EF6} = {FA2EABE3-2A86-4F23-98A7-67B621E4139A}
		{FF030293-A8B2-4647-94A3-93A5A964789A} = {FA2EABE3-2A86-4F23-98A7-67B621E4139A}
		{997BF97B-6EEC-4BB1-B64B-FFF8369C9372} = {FA2EABE3-2A86-4F23-98A7-67B621E4139A}
		{F6E4C412-A9F9-4EF9-8467-72764F236328} = {FA2EABE3-2A86-4F23-98A7-67B621E4139A}
		{1996F196-01C4-4A4E-A741-9C110F1DF91F} = {FA2EABE3-2A86-4F23-98A7-67B621E4139A}
		{EDD5D12E-77AE-4FC6-B84C-FC355EAED1B0} = {FA2EABE3-2A86-4F23-98A7-67B621E4139A}
		{27660D7F-8B1E-4171-B2C1-52C28C976BBB} = {FA2EABE3-2A86-4F23-98A7-67B621E4139A}
		{F6D03A6F-9A50-4FE5-90FA-1E84152AED1F} = {FA2EABE3-2A86-4F23-98A7-67B621E4139A}
		{21309FC2-DC7E-4FFC-AFE8-23256449BABA} = {80E1FB6A-11BA-416B-A96E-09DBDA0BCF33}
		{020112A6-8450-4A10-8FE5-99819E50B491} = {80E1FB6A-11BA-416B-A96E-09DBDA0BCF33}
		{88B030C1-047C-4979-B22D-CA57FB89DDAE} = {80E1FB6A-11BA-416B-A96E-09DBDA0BCF33}
		{6ED1E0E8-BF60-4827-91AE-9DF6A62BF1D9} = {80E1FB6A-11BA-416B-A96E-09DBDA0BCF33}
		{FF172537-B90C-4EEC-BDB3-61D7444021B0} = {80E1FB6A-11BA-416B-A96E-09DBDA0BCF33}
		{3B369CCD-830F-4BA9-888B-ECFB129AD831} = {80E1FB6A-11BA-416B-A96E-09DBDA0BCF33}
		{1D8E40B4-BD55-48A5-9C76-AB73D79AF574} = {80E1FB6A-11BA-416B-A96E-09DBDA0BCF33}
	EndGlobalSection
EndGlobal
