Microsoft Visual Studio Solution File, Format Version 12.00
# Visual Studio 15
VisualStudioVersion = 15.0.26228.4
MinimumVisualStudioVersion = 15.0.26124.0
Project("{2150E333-8FDC-42A3-9474-1A3956D46DE8}") = "src", "src", "{7AE5CF91-7E85-446C-BB5A-CF6872035FB0}"
EndProject
Project("{2150E333-8FDC-42A3-9474-1A3956D46DE8}") = "console", "console", "{27BF7095-288D-4E33-BE53-7CD782DB7C63}"
EndProject
Project("{FAE04EC0-301F-11D3-BF4B-00C04F79EFBC}") = "ElectricFreedom.Console.BufferPoster", "src\console\ElectricFreedom.Console.BufferPoster\ElectricFreedom.Console.BufferPoster.csproj", "{D36F4DD7-CEB6-499E-B9F0-D4416A920926}"
EndProject
Project("{2150E333-8FDC-42A3-9474-1A3956D46DE8}") = "core", "core", "{1856FF77-6662-4A97-9A3A-F686F24320B4}"
EndProject
Project("{FAE04EC0-301F-11D3-BF4B-00C04F79EFBC}") = "ElectricFreedom.Core.Data", "src\core\ElectricFreedom.Core.Data\ElectricFreedom.Core.Data.csproj", "{3F99C841-69AB-43E2-91FE-95246EE04895}"
EndProject
Project("{FAE04EC0-301F-11D3-BF4B-00C04F79EFBC}") = "ElectricFreedom.Core.Model", "src\core\ElectricFreedom.Core.Model\ElectricFreedom.Core.Model.csproj", "{D7F7E8D1-5145-4195-AEDB-5BE53FDA8D12}"
EndProject
Project("{FAE04EC0-301F-11D3-BF4B-00C04F79EFBC}") = "ElectricFreedom.Core.Services", "src\core\ElectricFreedom.Core.Services\ElectricFreedom.Core.Services.csproj", "{66C908D8-80F5-44E2-AFD5-CD81E81DFB92}"
EndProject
Project("{FAE04EC0-301F-11D3-BF4B-00C04F79EFBC}") = "ElectricFreedom.Core.Services.Interfaces", "src\core\ElectricFreedom.Core.Services.Interfaces\ElectricFreedom.Core.Services.Interfaces.csproj", "{91B855B3-6F5C-4777-B855-CD14D0E017CD}"
EndProject
Project("{2150E333-8FDC-42A3-9474-1A3956D46DE8}") = "web", "web", "{EBFFB45D-34A6-470F-BD10-E5699825ABC9}"
EndProject
Project("{FAE04EC0-301F-11D3-BF4B-00C04F79EFBC}") = "ElectricFreedom.Web.Admin", "src\web\ElectricFreedom.Web.Admin\ElectricFreedom.Web.Admin.csproj", "{C051A9F4-679D-4C25-BB4F-B3906D468302}"
EndProject
Project("{FAE04EC0-301F-11D3-BF4B-00C04F79EFBC}") = "ElectricFreedom.Web.Api", "src\web\ElectricFreedom.Web.Api\ElectricFreedom.Web.Api.csproj", "{9C9A37AF-A0D3-4FF9-83AA-BE16604512D0}"
EndProject
Project("{FAE04EC0-301F-11D3-BF4B-00C04F79EFBC}") = "ElectricFreedom.Web.Public", "src\web\ElectricFreedom.Web.Public\ElectricFreedom.Web.Public.csproj", "{A6E28626-FB2A-4E3F-AE09-EB17B0856139}"
EndProject
Project("{FAE04EC0-301F-11D3-BF4B-00C04F79EFBC}") = "ElectricFreedom.Web.Scripts", "src\web\ElectricFreedom.Web.Scripts\ElectricFreedom.Web.Scripts.csproj", "{3DFBCD92-38F5-40EF-9F97-5EC71A9B8415}"
EndProject
Project("{2150E333-8FDC-42A3-9474-1A3956D46DE8}") = "tests", "tests", "{F7A58CA3-194F-4A65-89D0-A35C498615E5}"
EndProject
Project("{2150E333-8FDC-42A3-9474-1A3956D46DE8}") = "console", "console", "{FD402576-359A-455F-900D-3B67D1A8A989}"
EndProject
Project("{FAE04EC0-301F-11D3-BF4B-00C04F79EFBC}") = "ElectricFreedom.Console.BufferPoster.Tests", "tests\console\ElectricFreedom.Console.BufferPoster.Tests\ElectricFreedom.Console.BufferPoster.Tests.csproj", "{252A3E4A-4BE9-4AA6-B07F-E7277FC06CB5}"
EndProject
Project("{2150E333-8FDC-42A3-9474-1A3956D46DE8}") = "core", "core", "{FB1C6EB1-A22D-4F7B-A664-79AD076288CD}"
EndProject
Project("{FAE04EC0-301F-11D3-BF4B-00C04F79EFBC}") = "ElectricFreedom.Core.Model.Tests", "tests\core\ElectricFreedom.Core.Model.Tests\ElectricFreedom.Core.Model.Tests.csproj", "{2571A3FE-3A9F-4E97-BCCF-2FCA0AAD48BB}"
EndProject
Project("{FAE04EC0-301F-11D3-BF4B-00C04F79EFBC}") = "ElectricFreedom.Core.Services.Tests", "tests\core\ElectricFreedom.Core.Services.Tests\ElectricFreedom.Core.Services.Tests.csproj", "{508A0356-C90F-4D29-99B0-67025EBBA3D1}"
EndProject
Project("{2150E333-8FDC-42A3-9474-1A3956D46DE8}") = "web", "web", "{FF446246-DEDA-4802-A427-F659BE00F4A4}"
EndProject
Project("{FAE04EC0-301F-11D3-BF4B-00C04F79EFBC}") = "ElectricFreedom.Web.Admin.Tests", "tests\web\ElectricFreedom.Web.Admin.Tests\ElectricFreedom.Web.Admin.Tests.csproj", "{DDC80277-1C9A-4222-BD07-A59A10EE4FAC}"
EndProject
Project("{FAE04EC0-301F-11D3-BF4B-00C04F79EFBC}") = "ElectricFreedom.Web.Api.Tests", "tests\web\ElectricFreedom.Web.Api.Tests\ElectricFreedom.Web.Api.Tests.csproj", "{A5701EE0-D3EB-4FBB-87D5-7BF518AD0C1B}"
EndProject
Project("{FAE04EC0-301F-11D3-BF4B-00C04F79EFBC}") = "ElectricFreedom.Web.Public.Tests", "tests\web\ElectricFreedom.Web.Public.Tests\ElectricFreedom.Web.Public.Tests.csproj", "{3A1D3DE8-2767-48FC-9427-FD362D8DCD7A}"
EndProject
Project("{FAE04EC0-301F-11D3-BF4B-00C04F79EFBC}") = "ElectricFreedom.Web.Scripts.Tests", "tests\web\ElectricFreedom.Web.Scripts.Tests\ElectricFreedom.Web.Scripts.Tests.csproj", "{D5604907-9073-4F6B-9A13-166597EBF5DF}"
EndProject
Global
	GlobalSection(SolutionConfigurationPlatforms) = preSolution
		Debug|Any CPU = Debug|Any CPU
		Debug|x64 = Debug|x64
		Debug|x86 = Debug|x86
		Release|Any CPU = Release|Any CPU
		Release|x64 = Release|x64
		Release|x86 = Release|x86
	EndGlobalSection
	GlobalSection(ProjectConfigurationPlatforms) = postSolution
		{D36F4DD7-CEB6-499E-B9F0-D4416A920926}.Debug|Any CPU.ActiveCfg = Debug|Any CPU
		{D36F4DD7-CEB6-499E-B9F0-D4416A920926}.Debug|Any CPU.Build.0 = Debug|Any CPU
		{D36F4DD7-CEB6-499E-B9F0-D4416A920926}.Debug|x64.ActiveCfg = Debug|Any CPU
		{D36F4DD7-CEB6-499E-B9F0-D4416A920926}.Debug|x64.Build.0 = Debug|Any CPU
		{D36F4DD7-CEB6-499E-B9F0-D4416A920926}.Debug|x86.ActiveCfg = Debug|Any CPU
		{D36F4DD7-CEB6-499E-B9F0-D4416A920926}.Debug|x86.Build.0 = Debug|Any CPU
		{D36F4DD7-CEB6-499E-B9F0-D4416A920926}.Release|Any CPU.ActiveCfg = Release|Any CPU
		{D36F4DD7-CEB6-499E-B9F0-D4416A920926}.Release|Any CPU.Build.0 = Release|Any CPU
		{D36F4DD7-CEB6-499E-B9F0-D4416A920926}.Release|x64.ActiveCfg = Release|Any CPU
		{D36F4DD7-CEB6-499E-B9F0-D4416A920926}.Release|x64.Build.0 = Release|Any CPU
		{D36F4DD7-CEB6-499E-B9F0-D4416A920926}.Release|x86.ActiveCfg = Release|Any CPU
		{D36F4DD7-CEB6-499E-B9F0-D4416A920926}.Release|x86.Build.0 = Release|Any CPU
		{3F99C841-69AB-43E2-91FE-95246EE04895}.Debug|Any CPU.ActiveCfg = Debug|Any CPU
		{3F99C841-69AB-43E2-91FE-95246EE04895}.Debug|Any CPU.Build.0 = Debug|Any CPU
		{3F99C841-69AB-43E2-91FE-95246EE04895}.Debug|x64.ActiveCfg = Debug|Any CPU
		{3F99C841-69AB-43E2-91FE-95246EE04895}.Debug|x64.Build.0 = Debug|Any CPU
		{3F99C841-69AB-43E2-91FE-95246EE04895}.Debug|x86.ActiveCfg = Debug|Any CPU
		{3F99C841-69AB-43E2-91FE-95246EE04895}.Debug|x86.Build.0 = Debug|Any CPU
		{3F99C841-69AB-43E2-91FE-95246EE04895}.Release|Any CPU.ActiveCfg = Release|Any CPU
		{3F99C841-69AB-43E2-91FE-95246EE04895}.Release|Any CPU.Build.0 = Release|Any CPU
		{3F99C841-69AB-43E2-91FE-95246EE04895}.Release|x64.ActiveCfg = Release|Any CPU
		{3F99C841-69AB-43E2-91FE-95246EE04895}.Release|x64.Build.0 = Release|Any CPU
		{3F99C841-69AB-43E2-91FE-95246EE04895}.Release|x86.ActiveCfg = Release|Any CPU
		{3F99C841-69AB-43E2-91FE-95246EE04895}.Release|x86.Build.0 = Release|Any CPU
		{D7F7E8D1-5145-4195-AEDB-5BE53FDA8D12}.Debug|Any CPU.ActiveCfg = Debug|Any CPU
		{D7F7E8D1-5145-4195-AEDB-5BE53FDA8D12}.Debug|Any CPU.Build.0 = Debug|Any CPU
		{D7F7E8D1-5145-4195-AEDB-5BE53FDA8D12}.Debug|x64.ActiveCfg = Debug|Any CPU
		{D7F7E8D1-5145-4195-AEDB-5BE53FDA8D12}.Debug|x64.Build.0 = Debug|Any CPU
		{D7F7E8D1-5145-4195-AEDB-5BE53FDA8D12}.Debug|x86.ActiveCfg = Debug|Any CPU
		{D7F7E8D1-5145-4195-AEDB-5BE53FDA8D12}.Debug|x86.Build.0 = Debug|Any CPU
		{D7F7E8D1-5145-4195-AEDB-5BE53FDA8D12}.Release|Any CPU.ActiveCfg = Release|Any CPU
		{D7F7E8D1-5145-4195-AEDB-5BE53FDA8D12}.Release|Any CPU.Build.0 = Release|Any CPU
		{D7F7E8D1-5145-4195-AEDB-5BE53FDA8D12}.Release|x64.ActiveCfg = Release|Any CPU
		{D7F7E8D1-5145-4195-AEDB-5BE53FDA8D12}.Release|x64.Build.0 = Release|Any CPU
		{D7F7E8D1-5145-4195-AEDB-5BE53FDA8D12}.Release|x86.ActiveCfg = Release|Any CPU
		{D7F7E8D1-5145-4195-AEDB-5BE53FDA8D12}.Release|x86.Build.0 = Release|Any CPU
		{66C908D8-80F5-44E2-AFD5-CD81E81DFB92}.Debug|Any CPU.ActiveCfg = Debug|Any CPU
		{66C908D8-80F5-44E2-AFD5-CD81E81DFB92}.Debug|Any CPU.Build.0 = Debug|Any CPU
		{66C908D8-80F5-44E2-AFD5-CD81E81DFB92}.Debug|x64.ActiveCfg = Debug|Any CPU
		{66C908D8-80F5-44E2-AFD5-CD81E81DFB92}.Debug|x64.Build.0 = Debug|Any CPU
		{66C908D8-80F5-44E2-AFD5-CD81E81DFB92}.Debug|x86.ActiveCfg = Debug|Any CPU
		{66C908D8-80F5-44E2-AFD5-CD81E81DFB92}.Debug|x86.Build.0 = Debug|Any CPU
		{66C908D8-80F5-44E2-AFD5-CD81E81DFB92}.Release|Any CPU.ActiveCfg = Release|Any CPU
		{66C908D8-80F5-44E2-AFD5-CD81E81DFB92}.Release|Any CPU.Build.0 = Release|Any CPU
		{66C908D8-80F5-44E2-AFD5-CD81E81DFB92}.Release|x64.ActiveCfg = Release|Any CPU
		{66C908D8-80F5-44E2-AFD5-CD81E81DFB92}.Release|x64.Build.0 = Release|Any CPU
		{66C908D8-80F5-44E2-AFD5-CD81E81DFB92}.Release|x86.ActiveCfg = Release|Any CPU
		{66C908D8-80F5-44E2-AFD5-CD81E81DFB92}.Release|x86.Build.0 = Release|Any CPU
		{91B855B3-6F5C-4777-B855-CD14D0E017CD}.Debug|Any CPU.ActiveCfg = Debug|Any CPU
		{91B855B3-6F5C-4777-B855-CD14D0E017CD}.Debug|Any CPU.Build.0 = Debug|Any CPU
		{91B855B3-6F5C-4777-B855-CD14D0E017CD}.Debug|x64.ActiveCfg = Debug|Any CPU
		{91B855B3-6F5C-4777-B855-CD14D0E017CD}.Debug|x64.Build.0 = Debug|Any CPU
		{91B855B3-6F5C-4777-B855-CD14D0E017CD}.Debug|x86.ActiveCfg = Debug|Any CPU
		{91B855B3-6F5C-4777-B855-CD14D0E017CD}.Debug|x86.Build.0 = Debug|Any CPU
		{91B855B3-6F5C-4777-B855-CD14D0E017CD}.Release|Any CPU.ActiveCfg = Release|Any CPU
		{91B855B3-6F5C-4777-B855-CD14D0E017CD}.Release|Any CPU.Build.0 = Release|Any CPU
		{91B855B3-6F5C-4777-B855-CD14D0E017CD}.Release|x64.ActiveCfg = Release|Any CPU
		{91B855B3-6F5C-4777-B855-CD14D0E017CD}.Release|x64.Build.0 = Release|Any CPU
		{91B855B3-6F5C-4777-B855-CD14D0E017CD}.Release|x86.ActiveCfg = Release|Any CPU
		{91B855B3-6F5C-4777-B855-CD14D0E017CD}.Release|x86.Build.0 = Release|Any CPU
		{C051A9F4-679D-4C25-BB4F-B3906D468302}.Debug|Any CPU.ActiveCfg = Debug|Any CPU
		{C051A9F4-679D-4C25-BB4F-B3906D468302}.Debug|Any CPU.Build.0 = Debug|Any CPU
		{C051A9F4-679D-4C25-BB4F-B3906D468302}.Debug|x64.ActiveCfg = Debug|Any CPU
		{C051A9F4-679D-4C25-BB4F-B3906D468302}.Debug|x64.Build.0 = Debug|Any CPU
		{C051A9F4-679D-4C25-BB4F-B3906D468302}.Debug|x86.ActiveCfg = Debug|Any CPU
		{C051A9F4-679D-4C25-BB4F-B3906D468302}.Debug|x86.Build.0 = Debug|Any CPU
		{C051A9F4-679D-4C25-BB4F-B3906D468302}.Release|Any CPU.ActiveCfg = Release|Any CPU
		{C051A9F4-679D-4C25-BB4F-B3906D468302}.Release|Any CPU.Build.0 = Release|Any CPU
		{C051A9F4-679D-4C25-BB4F-B3906D468302}.Release|x64.ActiveCfg = Release|Any CPU
		{C051A9F4-679D-4C25-BB4F-B3906D468302}.Release|x64.Build.0 = Release|Any CPU
		{C051A9F4-679D-4C25-BB4F-B3906D468302}.Release|x86.ActiveCfg = Release|Any CPU
		{C051A9F4-679D-4C25-BB4F-B3906D468302}.Release|x86.Build.0 = Release|Any CPU
		{9C9A37AF-A0D3-4FF9-83AA-BE16604512D0}.Debug|Any CPU.ActiveCfg = Debug|Any CPU
		{9C9A37AF-A0D3-4FF9-83AA-BE16604512D0}.Debug|Any CPU.Build.0 = Debug|Any CPU
		{9C9A37AF-A0D3-4FF9-83AA-BE16604512D0}.Debug|x64.ActiveCfg = Debug|Any CPU
		{9C9A37AF-A0D3-4FF9-83AA-BE16604512D0}.Debug|x64.Build.0 = Debug|Any CPU
		{9C9A37AF-A0D3-4FF9-83AA-BE16604512D0}.Debug|x86.ActiveCfg = Debug|Any CPU
		{9C9A37AF-A0D3-4FF9-83AA-BE16604512D0}.Debug|x86.Build.0 = Debug|Any CPU
		{9C9A37AF-A0D3-4FF9-83AA-BE16604512D0}.Release|Any CPU.ActiveCfg = Release|Any CPU
		{9C9A37AF-A0D3-4FF9-83AA-BE16604512D0}.Release|Any CPU.Build.0 = Release|Any CPU
		{9C9A37AF-A0D3-4FF9-83AA-BE16604512D0}.Release|x64.ActiveCfg = Release|Any CPU
		{9C9A37AF-A0D3-4FF9-83AA-BE16604512D0}.Release|x64.Build.0 = Release|Any CPU
		{9C9A37AF-A0D3-4FF9-83AA-BE16604512D0}.Release|x86.ActiveCfg = Release|Any CPU
		{9C9A37AF-A0D3-4FF9-83AA-BE16604512D0}.Release|x86.Build.0 = Release|Any CPU
		{A6E28626-FB2A-4E3F-AE09-EB17B0856139}.Debug|Any CPU.ActiveCfg = Debug|Any CPU
		{A6E28626-FB2A-4E3F-AE09-EB17B0856139}.Debug|Any CPU.Build.0 = Debug|Any CPU
		{A6E28626-FB2A-4E3F-AE09-EB17B0856139}.Debug|x64.ActiveCfg = Debug|Any CPU
		{A6E28626-FB2A-4E3F-AE09-EB17B0856139}.Debug|x64.Build.0 = Debug|Any CPU
		{A6E28626-FB2A-4E3F-AE09-EB17B0856139}.Debug|x86.ActiveCfg = Debug|Any CPU
		{A6E28626-FB2A-4E3F-AE09-EB17B0856139}.Debug|x86.Build.0 = Debug|Any CPU
		{A6E28626-FB2A-4E3F-AE09-EB17B0856139}.Release|Any CPU.ActiveCfg = Release|Any CPU
		{A6E28626-FB2A-4E3F-AE09-EB17B0856139}.Release|Any CPU.Build.0 = Release|Any CPU
		{A6E28626-FB2A-4E3F-AE09-EB17B0856139}.Release|x64.ActiveCfg = Release|Any CPU
		{A6E28626-FB2A-4E3F-AE09-EB17B0856139}.Release|x64.Build.0 = Release|Any CPU
		{A6E28626-FB2A-4E3F-AE09-EB17B0856139}.Release|x86.ActiveCfg = Release|Any CPU
		{A6E28626-FB2A-4E3F-AE09-EB17B0856139}.Release|x86.Build.0 = Release|Any CPU
		{3DFBCD92-38F5-40EF-9F97-5EC71A9B8415}.Debug|Any CPU.ActiveCfg = Debug|Any CPU
		{3DFBCD92-38F5-40EF-9F97-5EC71A9B8415}.Debug|Any CPU.Build.0 = Debug|Any CPU
		{3DFBCD92-38F5-40EF-9F97-5EC71A9B8415}.Debug|x64.ActiveCfg = Debug|Any CPU
		{3DFBCD92-38F5-40EF-9F97-5EC71A9B8415}.Debug|x64.Build.0 = Debug|Any CPU
		{3DFBCD92-38F5-40EF-9F97-5EC71A9B8415}.Debug|x86.ActiveCfg = Debug|Any CPU
		{3DFBCD92-38F5-40EF-9F97-5EC71A9B8415}.Debug|x86.Build.0 = Debug|Any CPU
		{3DFBCD92-38F5-40EF-9F97-5EC71A9B8415}.Release|Any CPU.ActiveCfg = Release|Any CPU
		{3DFBCD92-38F5-40EF-9F97-5EC71A9B8415}.Release|Any CPU.Build.0 = Release|Any CPU
		{3DFBCD92-38F5-40EF-9F97-5EC71A9B8415}.Release|x64.ActiveCfg = Release|Any CPU
		{3DFBCD92-38F5-40EF-9F97-5EC71A9B8415}.Release|x64.Build.0 = Release|Any CPU
		{3DFBCD92-38F5-40EF-9F97-5EC71A9B8415}.Release|x86.ActiveCfg = Release|Any CPU
		{3DFBCD92-38F5-40EF-9F97-5EC71A9B8415}.Release|x86.Build.0 = Release|Any CPU
		{252A3E4A-4BE9-4AA6-B07F-E7277FC06CB5}.Debug|Any CPU.ActiveCfg = Debug|Any CPU
		{252A3E4A-4BE9-4AA6-B07F-E7277FC06CB5}.Debug|Any CPU.Build.0 = Debug|Any CPU
		{252A3E4A-4BE9-4AA6-B07F-E7277FC06CB5}.Debug|x64.ActiveCfg = Debug|Any CPU
		{252A3E4A-4BE9-4AA6-B07F-E7277FC06CB5}.Debug|x64.Build.0 = Debug|Any CPU
		{252A3E4A-4BE9-4AA6-B07F-E7277FC06CB5}.Debug|x86.ActiveCfg = Debug|Any CPU
		{252A3E4A-4BE9-4AA6-B07F-E7277FC06CB5}.Debug|x86.Build.0 = Debug|Any CPU
		{252A3E4A-4BE9-4AA6-B07F-E7277FC06CB5}.Release|Any CPU.ActiveCfg = Release|Any CPU
		{252A3E4A-4BE9-4AA6-B07F-E7277FC06CB5}.Release|Any CPU.Build.0 = Release|Any CPU
		{252A3E4A-4BE9-4AA6-B07F-E7277FC06CB5}.Release|x64.ActiveCfg = Release|Any CPU
		{252A3E4A-4BE9-4AA6-B07F-E7277FC06CB5}.Release|x64.Build.0 = Release|Any CPU
		{252A3E4A-4BE9-4AA6-B07F-E7277FC06CB5}.Release|x86.ActiveCfg = Release|Any CPU
		{252A3E4A-4BE9-4AA6-B07F-E7277FC06CB5}.Release|x86.Build.0 = Release|Any CPU
		{2571A3FE-3A9F-4E97-BCCF-2FCA0AAD48BB}.Debug|Any CPU.ActiveCfg = Debug|Any CPU
		{2571A3FE-3A9F-4E97-BCCF-2FCA0AAD48BB}.Debug|Any CPU.Build.0 = Debug|Any CPU
		{2571A3FE-3A9F-4E97-BCCF-2FCA0AAD48BB}.Debug|x64.ActiveCfg = Debug|Any CPU
		{2571A3FE-3A9F-4E97-BCCF-2FCA0AAD48BB}.Debug|x64.Build.0 = Debug|Any CPU
		{2571A3FE-3A9F-4E97-BCCF-2FCA0AAD48BB}.Debug|x86.ActiveCfg = Debug|Any CPU
		{2571A3FE-3A9F-4E97-BCCF-2FCA0AAD48BB}.Debug|x86.Build.0 = Debug|Any CPU
		{2571A3FE-3A9F-4E97-BCCF-2FCA0AAD48BB}.Release|Any CPU.ActiveCfg = Release|Any CPU
		{2571A3FE-3A9F-4E97-BCCF-2FCA0AAD48BB}.Release|Any CPU.Build.0 = Release|Any CPU
		{2571A3FE-3A9F-4E97-BCCF-2FCA0AAD48BB}.Release|x64.ActiveCfg = Release|Any CPU
		{2571A3FE-3A9F-4E97-BCCF-2FCA0AAD48BB}.Release|x64.Build.0 = Release|Any CPU
		{2571A3FE-3A9F-4E97-BCCF-2FCA0AAD48BB}.Release|x86.ActiveCfg = Release|Any CPU
		{2571A3FE-3A9F-4E97-BCCF-2FCA0AAD48BB}.Release|x86.Build.0 = Release|Any CPU
		{508A0356-C90F-4D29-99B0-67025EBBA3D1}.Debug|Any CPU.ActiveCfg = Debug|Any CPU
		{508A0356-C90F-4D29-99B0-67025EBBA3D1}.Debug|Any CPU.Build.0 = Debug|Any CPU
		{508A0356-C90F-4D29-99B0-67025EBBA3D1}.Debug|x64.ActiveCfg = Debug|Any CPU
		{508A0356-C90F-4D29-99B0-67025EBBA3D1}.Debug|x64.Build.0 = Debug|Any CPU
		{508A0356-C90F-4D29-99B0-67025EBBA3D1}.Debug|x86.ActiveCfg = Debug|Any CPU
		{508A0356-C90F-4D29-99B0-67025EBBA3D1}.Debug|x86.Build.0 = Debug|Any CPU
		{508A0356-C90F-4D29-99B0-67025EBBA3D1}.Release|Any CPU.ActiveCfg = Release|Any CPU
		{508A0356-C90F-4D29-99B0-67025EBBA3D1}.Release|Any CPU.Build.0 = Release|Any CPU
		{508A0356-C90F-4D29-99B0-67025EBBA3D1}.Release|x64.ActiveCfg = Release|Any CPU
		{508A0356-C90F-4D29-99B0-67025EBBA3D1}.Release|x64.Build.0 = Release|Any CPU
		{508A0356-C90F-4D29-99B0-67025EBBA3D1}.Release|x86.ActiveCfg = Release|Any CPU
		{508A0356-C90F-4D29-99B0-67025EBBA3D1}.Release|x86.Build.0 = Release|Any CPU
		{DDC80277-1C9A-4222-BD07-A59A10EE4FAC}.Debug|Any CPU.ActiveCfg = Debug|Any CPU
		{DDC80277-1C9A-4222-BD07-A59A10EE4FAC}.Debug|Any CPU.Build.0 = Debug|Any CPU
		{DDC80277-1C9A-4222-BD07-A59A10EE4FAC}.Debug|x64.ActiveCfg = Debug|Any CPU
		{DDC80277-1C9A-4222-BD07-A59A10EE4FAC}.Debug|x64.Build.0 = Debug|Any CPU
		{DDC80277-1C9A-4222-BD07-A59A10EE4FAC}.Debug|x86.ActiveCfg = Debug|Any CPU
		{DDC80277-1C9A-4222-BD07-A59A10EE4FAC}.Debug|x86.Build.0 = Debug|Any CPU
		{DDC80277-1C9A-4222-BD07-A59A10EE4FAC}.Release|Any CPU.ActiveCfg = Release|Any CPU
		{DDC80277-1C9A-4222-BD07-A59A10EE4FAC}.Release|Any CPU.Build.0 = Release|Any CPU
		{DDC80277-1C9A-4222-BD07-A59A10EE4FAC}.Release|x64.ActiveCfg = Release|Any CPU
		{DDC80277-1C9A-4222-BD07-A59A10EE4FAC}.Release|x64.Build.0 = Release|Any CPU
		{DDC80277-1C9A-4222-BD07-A59A10EE4FAC}.Release|x86.ActiveCfg = Release|Any CPU
		{DDC80277-1C9A-4222-BD07-A59A10EE4FAC}.Release|x86.Build.0 = Release|Any CPU
		{A5701EE0-D3EB-4FBB-87D5-7BF518AD0C1B}.Debug|Any CPU.ActiveCfg = Debug|Any CPU
		{A5701EE0-D3EB-4FBB-87D5-7BF518AD0C1B}.Debug|Any CPU.Build.0 = Debug|Any CPU
		{A5701EE0-D3EB-4FBB-87D5-7BF518AD0C1B}.Debug|x64.ActiveCfg = Debug|Any CPU
		{A5701EE0-D3EB-4FBB-87D5-7BF518AD0C1B}.Debug|x64.Build.0 = Debug|Any CPU
		{A5701EE0-D3EB-4FBB-87D5-7BF518AD0C1B}.Debug|x86.ActiveCfg = Debug|Any CPU
		{A5701EE0-D3EB-4FBB-87D5-7BF518AD0C1B}.Debug|x86.Build.0 = Debug|Any CPU
		{A5701EE0-D3EB-4FBB-87D5-7BF518AD0C1B}.Release|Any CPU.ActiveCfg = Release|Any CPU
		{A5701EE0-D3EB-4FBB-87D5-7BF518AD0C1B}.Release|Any CPU.Build.0 = Release|Any CPU
		{A5701EE0-D3EB-4FBB-87D5-7BF518AD0C1B}.Release|x64.ActiveCfg = Release|Any CPU
		{A5701EE0-D3EB-4FBB-87D5-7BF518AD0C1B}.Release|x64.Build.0 = Release|Any CPU
		{A5701EE0-D3EB-4FBB-87D5-7BF518AD0C1B}.Release|x86.ActiveCfg = Release|Any CPU
		{A5701EE0-D3EB-4FBB-87D5-7BF518AD0C1B}.Release|x86.Build.0 = Release|Any CPU
		{3A1D3DE8-2767-48FC-9427-FD362D8DCD7A}.Debug|Any CPU.ActiveCfg = Debug|Any CPU
		{3A1D3DE8-2767-48FC-9427-FD362D8DCD7A}.Debug|Any CPU.Build.0 = Debug|Any CPU
		{3A1D3DE8-2767-48FC-9427-FD362D8DCD7A}.Debug|x64.ActiveCfg = Debug|Any CPU
		{3A1D3DE8-2767-48FC-9427-FD362D8DCD7A}.Debug|x64.Build.0 = Debug|Any CPU
		{3A1D3DE8-2767-48FC-9427-FD362D8DCD7A}.Debug|x86.ActiveCfg = Debug|Any CPU
		{3A1D3DE8-2767-48FC-9427-FD362D8DCD7A}.Debug|x86.Build.0 = Debug|Any CPU
		{3A1D3DE8-2767-48FC-9427-FD362D8DCD7A}.Release|Any CPU.ActiveCfg = Release|Any CPU
		{3A1D3DE8-2767-48FC-9427-FD362D8DCD7A}.Release|Any CPU.Build.0 = Release|Any CPU
		{3A1D3DE8-2767-48FC-9427-FD362D8DCD7A}.Release|x64.ActiveCfg = Release|Any CPU
		{3A1D3DE8-2767-48FC-9427-FD362D8DCD7A}.Release|x64.Build.0 = Release|Any CPU
		{3A1D3DE8-2767-48FC-9427-FD362D8DCD7A}.Release|x86.ActiveCfg = Release|Any CPU
		{3A1D3DE8-2767-48FC-9427-FD362D8DCD7A}.Release|x86.Build.0 = Release|Any CPU
		{D5604907-9073-4F6B-9A13-166597EBF5DF}.Debug|Any CPU.ActiveCfg = Debug|Any CPU
		{D5604907-9073-4F6B-9A13-166597EBF5DF}.Debug|Any CPU.Build.0 = Debug|Any CPU
		{D5604907-9073-4F6B-9A13-166597EBF5DF}.Debug|x64.ActiveCfg = Debug|Any CPU
		{D5604907-9073-4F6B-9A13-166597EBF5DF}.Debug|x64.Build.0 = Debug|Any CPU
		{D5604907-9073-4F6B-9A13-166597EBF5DF}.Debug|x86.ActiveCfg = Debug|Any CPU
		{D5604907-9073-4F6B-9A13-166597EBF5DF}.Debug|x86.Build.0 = Debug|Any CPU
		{D5604907-9073-4F6B-9A13-166597EBF5DF}.Release|Any CPU.ActiveCfg = Release|Any CPU
		{D5604907-9073-4F6B-9A13-166597EBF5DF}.Release|Any CPU.Build.0 = Release|Any CPU
		{D5604907-9073-4F6B-9A13-166597EBF5DF}.Release|x64.ActiveCfg = Release|Any CPU
		{D5604907-9073-4F6B-9A13-166597EBF5DF}.Release|x64.Build.0 = Release|Any CPU
		{D5604907-9073-4F6B-9A13-166597EBF5DF}.Release|x86.ActiveCfg = Release|Any CPU
		{D5604907-9073-4F6B-9A13-166597EBF5DF}.Release|x86.Build.0 = Release|Any CPU
	EndGlobalSection
	GlobalSection(SolutionProperties) = preSolution
		HideSolutionNode = FALSE
	EndGlobalSection
	GlobalSection(NestedProjects) = preSolution
		{27BF7095-288D-4E33-BE53-7CD782DB7C63} = {7AE5CF91-7E85-446C-BB5A-CF6872035FB0}
		{D36F4DD7-CEB6-499E-B9F0-D4416A920926} = {27BF7095-288D-4E33-BE53-7CD782DB7C63}
		{1856FF77-6662-4A97-9A3A-F686F24320B4} = {7AE5CF91-7E85-446C-BB5A-CF6872035FB0}
		{3F99C841-69AB-43E2-91FE-95246EE04895} = {1856FF77-6662-4A97-9A3A-F686F24320B4}
		{D7F7E8D1-5145-4195-AEDB-5BE53FDA8D12} = {1856FF77-6662-4A97-9A3A-F686F24320B4}
		{66C908D8-80F5-44E2-AFD5-CD81E81DFB92} = {1856FF77-6662-4A97-9A3A-F686F24320B4}
		{91B855B3-6F5C-4777-B855-CD14D0E017CD} = {1856FF77-6662-4A97-9A3A-F686F24320B4}
		{EBFFB45D-34A6-470F-BD10-E5699825ABC9} = {7AE5CF91-7E85-446C-BB5A-CF6872035FB0}
		{C051A9F4-679D-4C25-BB4F-B3906D468302} = {EBFFB45D-34A6-470F-BD10-E5699825ABC9}
		{9C9A37AF-A0D3-4FF9-83AA-BE16604512D0} = {EBFFB45D-34A6-470F-BD10-E5699825ABC9}
		{A6E28626-FB2A-4E3F-AE09-EB17B0856139} = {EBFFB45D-34A6-470F-BD10-E5699825ABC9}
		{3DFBCD92-38F5-40EF-9F97-5EC71A9B8415} = {EBFFB45D-34A6-470F-BD10-E5699825ABC9}
		{FD402576-359A-455F-900D-3B67D1A8A989} = {F7A58CA3-194F-4A65-89D0-A35C498615E5}
		{252A3E4A-4BE9-4AA6-B07F-E7277FC06CB5} = {FD402576-359A-455F-900D-3B67D1A8A989}
		{FB1C6EB1-A22D-4F7B-A664-79AD076288CD} = {F7A58CA3-194F-4A65-89D0-A35C498615E5}
		{2571A3FE-3A9F-4E97-BCCF-2FCA0AAD48BB} = {FB1C6EB1-A22D-4F7B-A664-79AD076288CD}
		{508A0356-C90F-4D29-99B0-67025EBBA3D1} = {FB1C6EB1-A22D-4F7B-A664-79AD076288CD}
		{FF446246-DEDA-4802-A427-F659BE00F4A4} = {F7A58CA3-194F-4A65-89D0-A35C498615E5}
		{DDC80277-1C9A-4222-BD07-A59A10EE4FAC} = {FF446246-DEDA-4802-A427-F659BE00F4A4}
		{A5701EE0-D3EB-4FBB-87D5-7BF518AD0C1B} = {FF446246-DEDA-4802-A427-F659BE00F4A4}
		{3A1D3DE8-2767-48FC-9427-FD362D8DCD7A} = {FF446246-DEDA-4802-A427-F659BE00F4A4}
		{D5604907-9073-4F6B-9A13-166597EBF5DF} = {FF446246-DEDA-4802-A427-F659BE00F4A4}
	EndGlobalSection
EndGlobal
