Microsoft Visual Studio Solution File, Format Version 12.00
# Visual Studio 15
VisualStudioVersion = 15.0.26228.9
MinimumVisualStudioVersion = 15.0.26124.0
Project("{2150E333-8FDC-42A3-9474-1A3956D46DE8}") = "src", "src", "{00D5AD10-3740-487B-BC3E-7631EDDFDC9A}"
EndProject
Project("{2150E333-8FDC-42A3-9474-1A3956D46DE8}") = "console", "console", "{7FFDAD47-D865-4B97-82A7-269F7F61F50E}"
EndProject
Project("{9A19103F-16F7-4668-BE54-9A1E7A4F7556}") = "ElectricFreedom.Console.BufferPoster", "src\console\ElectricFreedom.Console.BufferPoster\ElectricFreedom.Console.BufferPoster.csproj", "{1A70E201-B915-465D-9253-EF57E5D33FC5}"
EndProject
Project("{2150E333-8FDC-42A3-9474-1A3956D46DE8}") = "core", "core", "{6ECCFF70-03E0-4BF3-9627-35711261FE2F}"
EndProject
Project("{9A19103F-16F7-4668-BE54-9A1E7A4F7556}") = "ElectricFreedom.Core.Data", "src\core\ElectricFreedom.Core.Data\ElectricFreedom.Core.Data.csproj", "{5748D980-7B4F-4CB2-94F6-FDC2A758F53C}"
EndProject
Project("{9A19103F-16F7-4668-BE54-9A1E7A4F7556}") = "ElectricFreedom.Core.Entities", "src\core\ElectricFreedom.Core.Entities\ElectricFreedom.Core.Entities.csproj", "{D9D4CF22-038D-4038-98B1-F0810E8A8194}"
EndProject
Project("{9A19103F-16F7-4668-BE54-9A1E7A4F7556}") = "ElectricFreedom.Core.Services", "src\core\ElectricFreedom.Core.Services\ElectricFreedom.Core.Services.csproj", "{1123C2B2-065A-49EE-BA63-7EC2BA6F9AE9}"
EndProject
Project("{9A19103F-16F7-4668-BE54-9A1E7A4F7556}") = "ElectricFreedom.Core.Services.Interfaces", "src\core\ElectricFreedom.Core.Services.Interfaces\ElectricFreedom.Core.Services.Interfaces.csproj", "{54F42494-3568-4C10-AC16-C6D48358013E}"
EndProject
Project("{2150E333-8FDC-42A3-9474-1A3956D46DE8}") = "web", "web", "{30821928-CFF0-4935-B4CA-A52998A2EEF1}"
EndProject
Project("{9A19103F-16F7-4668-BE54-9A1E7A4F7556}") = "ElectricFreedom.Web.Admin", "src\web\ElectricFreedom.Web.Admin\ElectricFreedom.Web.Admin.csproj", "{10CAB926-C935-46F3-B5B6-35E52028D3CD}"
EndProject
Project("{9A19103F-16F7-4668-BE54-9A1E7A4F7556}") = "ElectricFreedom.Web.Api", "src\web\ElectricFreedom.Web.Api\ElectricFreedom.Web.Api.csproj", "{913E85DF-D957-4D46-9AB2-B3CF45996CD1}"
EndProject
Project("{9A19103F-16F7-4668-BE54-9A1E7A4F7556}") = "ElectricFreedom.Web.Public", "src\web\ElectricFreedom.Web.Public\ElectricFreedom.Web.Public.csproj", "{07318A8B-0AED-4A48-A9B5-C83EBFA808EF}"
EndProject
Project("{9A19103F-16F7-4668-BE54-9A1E7A4F7556}") = "ElectricFreedom.Web.Scripts", "src\web\ElectricFreedom.Web.Scripts\ElectricFreedom.Web.Scripts.csproj", "{1E45C4FE-F441-47C2-B825-E129835E7B3B}"
EndProject
Project("{2150E333-8FDC-42A3-9474-1A3956D46DE8}") = "tests", "tests", "{283F609C-7E7E-41C3-AA42-360A583A8CD3}"
EndProject
Project("{2150E333-8FDC-42A3-9474-1A3956D46DE8}") = "console", "console", "{D9E40E82-BA6E-4C16-A175-2F4F3E6864B3}"
EndProject
Project("{9A19103F-16F7-4668-BE54-9A1E7A4F7556}") = "ElectricFreedom.Console.BufferPoster.Tests", "tests\console\ElectricFreedom.Console.BufferPoster.Tests\ElectricFreedom.Console.BufferPoster.Tests.csproj", "{A44ECC6B-1F7F-4722-AB86-9C0D6AA60848}"
EndProject
Project("{2150E333-8FDC-42A3-9474-1A3956D46DE8}") = "core", "core", "{6057DF34-B0A2-42D1-A57C-22270C405244}"
EndProject
Project("{9A19103F-16F7-4668-BE54-9A1E7A4F7556}") = "ElectricFreedom.Core.Entities.Tests", "tests\core\ElectricFreedom.Core.Entities.Tests\ElectricFreedom.Core.Entities.Tests.csproj", "{F9632E52-5A35-4B43-8E78-97FDF3968869}"
EndProject
Project("{9A19103F-16F7-4668-BE54-9A1E7A4F7556}") = "ElectricFreedom.Core.Services.Tests", "tests\core\ElectricFreedom.Core.Services.Tests\ElectricFreedom.Core.Services.Tests.csproj", "{C0D1D80B-4F9C-4641-A9C3-2E794F14229C}"
EndProject
Project("{2150E333-8FDC-42A3-9474-1A3956D46DE8}") = "web", "web", "{A5E18B1E-21CE-4DF0-8FB1-7FB01ADA40A7}"
EndProject
Project("{9A19103F-16F7-4668-BE54-9A1E7A4F7556}") = "ElectricFreedom.Web.Admin.Tests", "tests\web\ElectricFreedom.Web.Admin.Tests\ElectricFreedom.Web.Admin.Tests.csproj", "{6208217A-EDE5-43D3-9DA7-B1DC41989093}"
EndProject
Project("{9A19103F-16F7-4668-BE54-9A1E7A4F7556}") = "ElectricFreedom.Web.Api.Tests", "tests\web\ElectricFreedom.Web.Api.Tests\ElectricFreedom.Web.Api.Tests.csproj", "{2F8C35CC-2316-4260-9B71-B623EF10606C}"
EndProject
Project("{9A19103F-16F7-4668-BE54-9A1E7A4F7556}") = "ElectricFreedom.Web.Public.Tests", "tests\web\ElectricFreedom.Web.Public.Tests\ElectricFreedom.Web.Public.Tests.csproj", "{7EA032C3-1BDC-40D5-8C03-EB94C2F36C04}"
EndProject
Project("{9A19103F-16F7-4668-BE54-9A1E7A4F7556}") = "ElectricFreedom.Web.Scripts.Tests", "tests\web\ElectricFreedom.Web.Scripts.Tests\ElectricFreedom.Web.Scripts.Tests.csproj", "{6435E001-6AC8-4B13-9831-FF372DE98B96}"
EndProject
Global
	GlobalSection(SolutionConfigurationPlatforms) = preSolution
		Debug|Any CPU = Debug|Any CPU
		Debug|x64 = Debug|x64
		Debug|x86 = Debug|x86
		Release|Any CPU = Release|Any CPU
		Release|x64 = Release|x64
		Release|x86 = Release|x86
	EndGlobalSection
	GlobalSection(ProjectConfigurationPlatforms) = postSolution
		{1A70E201-B915-465D-9253-EF57E5D33FC5}.Debug|Any CPU.ActiveCfg = Debug|Any CPU
		{1A70E201-B915-465D-9253-EF57E5D33FC5}.Debug|Any CPU.Build.0 = Debug|Any CPU
		{1A70E201-B915-465D-9253-EF57E5D33FC5}.Debug|x64.ActiveCfg = Debug|Any CPU
		{1A70E201-B915-465D-9253-EF57E5D33FC5}.Debug|x64.Build.0 = Debug|Any CPU
		{1A70E201-B915-465D-9253-EF57E5D33FC5}.Debug|x86.ActiveCfg = Debug|Any CPU
		{1A70E201-B915-465D-9253-EF57E5D33FC5}.Debug|x86.Build.0 = Debug|Any CPU
		{1A70E201-B915-465D-9253-EF57E5D33FC5}.Release|Any CPU.ActiveCfg = Release|Any CPU
		{1A70E201-B915-465D-9253-EF57E5D33FC5}.Release|Any CPU.Build.0 = Release|Any CPU
		{1A70E201-B915-465D-9253-EF57E5D33FC5}.Release|x64.ActiveCfg = Release|Any CPU
		{1A70E201-B915-465D-9253-EF57E5D33FC5}.Release|x64.Build.0 = Release|Any CPU
		{1A70E201-B915-465D-9253-EF57E5D33FC5}.Release|x86.ActiveCfg = Release|Any CPU
		{1A70E201-B915-465D-9253-EF57E5D33FC5}.Release|x86.Build.0 = Release|Any CPU
		{5748D980-7B4F-4CB2-94F6-FDC2A758F53C}.Debug|Any CPU.ActiveCfg = Debug|Any CPU
		{5748D980-7B4F-4CB2-94F6-FDC2A758F53C}.Debug|Any CPU.Build.0 = Debug|Any CPU
		{5748D980-7B4F-4CB2-94F6-FDC2A758F53C}.Debug|x64.ActiveCfg = Debug|Any CPU
		{5748D980-7B4F-4CB2-94F6-FDC2A758F53C}.Debug|x64.Build.0 = Debug|Any CPU
		{5748D980-7B4F-4CB2-94F6-FDC2A758F53C}.Debug|x86.ActiveCfg = Debug|Any CPU
		{5748D980-7B4F-4CB2-94F6-FDC2A758F53C}.Debug|x86.Build.0 = Debug|Any CPU
		{5748D980-7B4F-4CB2-94F6-FDC2A758F53C}.Release|Any CPU.ActiveCfg = Release|Any CPU
		{5748D980-7B4F-4CB2-94F6-FDC2A758F53C}.Release|Any CPU.Build.0 = Release|Any CPU
		{5748D980-7B4F-4CB2-94F6-FDC2A758F53C}.Release|x64.ActiveCfg = Release|Any CPU
		{5748D980-7B4F-4CB2-94F6-FDC2A758F53C}.Release|x64.Build.0 = Release|Any CPU
		{5748D980-7B4F-4CB2-94F6-FDC2A758F53C}.Release|x86.ActiveCfg = Release|Any CPU
		{5748D980-7B4F-4CB2-94F6-FDC2A758F53C}.Release|x86.Build.0 = Release|Any CPU
		{D9D4CF22-038D-4038-98B1-F0810E8A8194}.Debug|Any CPU.ActiveCfg = Debug|Any CPU
		{D9D4CF22-038D-4038-98B1-F0810E8A8194}.Debug|Any CPU.Build.0 = Debug|Any CPU
		{D9D4CF22-038D-4038-98B1-F0810E8A8194}.Debug|x64.ActiveCfg = Debug|Any CPU
		{D9D4CF22-038D-4038-98B1-F0810E8A8194}.Debug|x64.Build.0 = Debug|Any CPU
		{D9D4CF22-038D-4038-98B1-F0810E8A8194}.Debug|x86.ActiveCfg = Debug|Any CPU
		{D9D4CF22-038D-4038-98B1-F0810E8A8194}.Debug|x86.Build.0 = Debug|Any CPU
		{D9D4CF22-038D-4038-98B1-F0810E8A8194}.Release|Any CPU.ActiveCfg = Release|Any CPU
		{D9D4CF22-038D-4038-98B1-F0810E8A8194}.Release|Any CPU.Build.0 = Release|Any CPU
		{D9D4CF22-038D-4038-98B1-F0810E8A8194}.Release|x64.ActiveCfg = Release|Any CPU
		{D9D4CF22-038D-4038-98B1-F0810E8A8194}.Release|x64.Build.0 = Release|Any CPU
		{D9D4CF22-038D-4038-98B1-F0810E8A8194}.Release|x86.ActiveCfg = Release|Any CPU
		{D9D4CF22-038D-4038-98B1-F0810E8A8194}.Release|x86.Build.0 = Release|Any CPU
		{1123C2B2-065A-49EE-BA63-7EC2BA6F9AE9}.Debug|Any CPU.ActiveCfg = Debug|Any CPU
		{1123C2B2-065A-49EE-BA63-7EC2BA6F9AE9}.Debug|Any CPU.Build.0 = Debug|Any CPU
		{1123C2B2-065A-49EE-BA63-7EC2BA6F9AE9}.Debug|x64.ActiveCfg = Debug|Any CPU
		{1123C2B2-065A-49EE-BA63-7EC2BA6F9AE9}.Debug|x64.Build.0 = Debug|Any CPU
		{1123C2B2-065A-49EE-BA63-7EC2BA6F9AE9}.Debug|x86.ActiveCfg = Debug|Any CPU
		{1123C2B2-065A-49EE-BA63-7EC2BA6F9AE9}.Debug|x86.Build.0 = Debug|Any CPU
		{1123C2B2-065A-49EE-BA63-7EC2BA6F9AE9}.Release|Any CPU.ActiveCfg = Release|Any CPU
		{1123C2B2-065A-49EE-BA63-7EC2BA6F9AE9}.Release|Any CPU.Build.0 = Release|Any CPU
		{1123C2B2-065A-49EE-BA63-7EC2BA6F9AE9}.Release|x64.ActiveCfg = Release|Any CPU
		{1123C2B2-065A-49EE-BA63-7EC2BA6F9AE9}.Release|x64.Build.0 = Release|Any CPU
		{1123C2B2-065A-49EE-BA63-7EC2BA6F9AE9}.Release|x86.ActiveCfg = Release|Any CPU
		{1123C2B2-065A-49EE-BA63-7EC2BA6F9AE9}.Release|x86.Build.0 = Release|Any CPU
		{54F42494-3568-4C10-AC16-C6D48358013E}.Debug|Any CPU.ActiveCfg = Debug|Any CPU
		{54F42494-3568-4C10-AC16-C6D48358013E}.Debug|Any CPU.Build.0 = Debug|Any CPU
		{54F42494-3568-4C10-AC16-C6D48358013E}.Debug|x64.ActiveCfg = Debug|Any CPU
		{54F42494-3568-4C10-AC16-C6D48358013E}.Debug|x64.Build.0 = Debug|Any CPU
		{54F42494-3568-4C10-AC16-C6D48358013E}.Debug|x86.ActiveCfg = Debug|Any CPU
		{54F42494-3568-4C10-AC16-C6D48358013E}.Debug|x86.Build.0 = Debug|Any CPU
		{54F42494-3568-4C10-AC16-C6D48358013E}.Release|Any CPU.ActiveCfg = Release|Any CPU
		{54F42494-3568-4C10-AC16-C6D48358013E}.Release|Any CPU.Build.0 = Release|Any CPU
		{54F42494-3568-4C10-AC16-C6D48358013E}.Release|x64.ActiveCfg = Release|Any CPU
		{54F42494-3568-4C10-AC16-C6D48358013E}.Release|x64.Build.0 = Release|Any CPU
		{54F42494-3568-4C10-AC16-C6D48358013E}.Release|x86.ActiveCfg = Release|Any CPU
		{54F42494-3568-4C10-AC16-C6D48358013E}.Release|x86.Build.0 = Release|Any CPU
		{10CAB926-C935-46F3-B5B6-35E52028D3CD}.Debug|Any CPU.ActiveCfg = Debug|Any CPU
		{10CAB926-C935-46F3-B5B6-35E52028D3CD}.Debug|Any CPU.Build.0 = Debug|Any CPU
		{10CAB926-C935-46F3-B5B6-35E52028D3CD}.Debug|x64.ActiveCfg = Debug|Any CPU
		{10CAB926-C935-46F3-B5B6-35E52028D3CD}.Debug|x64.Build.0 = Debug|Any CPU
		{10CAB926-C935-46F3-B5B6-35E52028D3CD}.Debug|x86.ActiveCfg = Debug|Any CPU
		{10CAB926-C935-46F3-B5B6-35E52028D3CD}.Debug|x86.Build.0 = Debug|Any CPU
		{10CAB926-C935-46F3-B5B6-35E52028D3CD}.Release|Any CPU.ActiveCfg = Release|Any CPU
		{10CAB926-C935-46F3-B5B6-35E52028D3CD}.Release|Any CPU.Build.0 = Release|Any CPU
		{10CAB926-C935-46F3-B5B6-35E52028D3CD}.Release|x64.ActiveCfg = Release|Any CPU
		{10CAB926-C935-46F3-B5B6-35E52028D3CD}.Release|x64.Build.0 = Release|Any CPU
		{10CAB926-C935-46F3-B5B6-35E52028D3CD}.Release|x86.ActiveCfg = Release|Any CPU
		{10CAB926-C935-46F3-B5B6-35E52028D3CD}.Release|x86.Build.0 = Release|Any CPU
		{913E85DF-D957-4D46-9AB2-B3CF45996CD1}.Debug|Any CPU.ActiveCfg = Debug|Any CPU
		{913E85DF-D957-4D46-9AB2-B3CF45996CD1}.Debug|Any CPU.Build.0 = Debug|Any CPU
		{913E85DF-D957-4D46-9AB2-B3CF45996CD1}.Debug|x64.ActiveCfg = Debug|Any CPU
		{913E85DF-D957-4D46-9AB2-B3CF45996CD1}.Debug|x64.Build.0 = Debug|Any CPU
		{913E85DF-D957-4D46-9AB2-B3CF45996CD1}.Debug|x86.ActiveCfg = Debug|Any CPU
		{913E85DF-D957-4D46-9AB2-B3CF45996CD1}.Debug|x86.Build.0 = Debug|Any CPU
		{913E85DF-D957-4D46-9AB2-B3CF45996CD1}.Release|Any CPU.ActiveCfg = Release|Any CPU
		{913E85DF-D957-4D46-9AB2-B3CF45996CD1}.Release|Any CPU.Build.0 = Release|Any CPU
		{913E85DF-D957-4D46-9AB2-B3CF45996CD1}.Release|x64.ActiveCfg = Release|Any CPU
		{913E85DF-D957-4D46-9AB2-B3CF45996CD1}.Release|x64.Build.0 = Release|Any CPU
		{913E85DF-D957-4D46-9AB2-B3CF45996CD1}.Release|x86.ActiveCfg = Release|Any CPU
		{913E85DF-D957-4D46-9AB2-B3CF45996CD1}.Release|x86.Build.0 = Release|Any CPU
		{07318A8B-0AED-4A48-A9B5-C83EBFA808EF}.Debug|Any CPU.ActiveCfg = Debug|Any CPU
		{07318A8B-0AED-4A48-A9B5-C83EBFA808EF}.Debug|Any CPU.Build.0 = Debug|Any CPU
		{07318A8B-0AED-4A48-A9B5-C83EBFA808EF}.Debug|x64.ActiveCfg = Debug|Any CPU
		{07318A8B-0AED-4A48-A9B5-C83EBFA808EF}.Debug|x64.Build.0 = Debug|Any CPU
		{07318A8B-0AED-4A48-A9B5-C83EBFA808EF}.Debug|x86.ActiveCfg = Debug|Any CPU
		{07318A8B-0AED-4A48-A9B5-C83EBFA808EF}.Debug|x86.Build.0 = Debug|Any CPU
		{07318A8B-0AED-4A48-A9B5-C83EBFA808EF}.Release|Any CPU.ActiveCfg = Release|Any CPU
		{07318A8B-0AED-4A48-A9B5-C83EBFA808EF}.Release|Any CPU.Build.0 = Release|Any CPU
		{07318A8B-0AED-4A48-A9B5-C83EBFA808EF}.Release|x64.ActiveCfg = Release|Any CPU
		{07318A8B-0AED-4A48-A9B5-C83EBFA808EF}.Release|x64.Build.0 = Release|Any CPU
		{07318A8B-0AED-4A48-A9B5-C83EBFA808EF}.Release|x86.ActiveCfg = Release|Any CPU
		{07318A8B-0AED-4A48-A9B5-C83EBFA808EF}.Release|x86.Build.0 = Release|Any CPU
		{1E45C4FE-F441-47C2-B825-E129835E7B3B}.Debug|Any CPU.ActiveCfg = Debug|Any CPU
		{1E45C4FE-F441-47C2-B825-E129835E7B3B}.Debug|Any CPU.Build.0 = Debug|Any CPU
		{1E45C4FE-F441-47C2-B825-E129835E7B3B}.Debug|x64.ActiveCfg = Debug|Any CPU
		{1E45C4FE-F441-47C2-B825-E129835E7B3B}.Debug|x64.Build.0 = Debug|Any CPU
		{1E45C4FE-F441-47C2-B825-E129835E7B3B}.Debug|x86.ActiveCfg = Debug|Any CPU
		{1E45C4FE-F441-47C2-B825-E129835E7B3B}.Debug|x86.Build.0 = Debug|Any CPU
		{1E45C4FE-F441-47C2-B825-E129835E7B3B}.Release|Any CPU.ActiveCfg = Release|Any CPU
		{1E45C4FE-F441-47C2-B825-E129835E7B3B}.Release|Any CPU.Build.0 = Release|Any CPU
		{1E45C4FE-F441-47C2-B825-E129835E7B3B}.Release|x64.ActiveCfg = Release|Any CPU
		{1E45C4FE-F441-47C2-B825-E129835E7B3B}.Release|x64.Build.0 = Release|Any CPU
		{1E45C4FE-F441-47C2-B825-E129835E7B3B}.Release|x86.ActiveCfg = Release|Any CPU
		{1E45C4FE-F441-47C2-B825-E129835E7B3B}.Release|x86.Build.0 = Release|Any CPU
		{A44ECC6B-1F7F-4722-AB86-9C0D6AA60848}.Debug|Any CPU.ActiveCfg = Debug|Any CPU
		{A44ECC6B-1F7F-4722-AB86-9C0D6AA60848}.Debug|Any CPU.Build.0 = Debug|Any CPU
		{A44ECC6B-1F7F-4722-AB86-9C0D6AA60848}.Debug|x64.ActiveCfg = Debug|Any CPU
		{A44ECC6B-1F7F-4722-AB86-9C0D6AA60848}.Debug|x64.Build.0 = Debug|Any CPU
		{A44ECC6B-1F7F-4722-AB86-9C0D6AA60848}.Debug|x86.ActiveCfg = Debug|Any CPU
		{A44ECC6B-1F7F-4722-AB86-9C0D6AA60848}.Debug|x86.Build.0 = Debug|Any CPU
		{A44ECC6B-1F7F-4722-AB86-9C0D6AA60848}.Release|Any CPU.ActiveCfg = Release|Any CPU
		{A44ECC6B-1F7F-4722-AB86-9C0D6AA60848}.Release|Any CPU.Build.0 = Release|Any CPU
		{A44ECC6B-1F7F-4722-AB86-9C0D6AA60848}.Release|x64.ActiveCfg = Release|Any CPU
		{A44ECC6B-1F7F-4722-AB86-9C0D6AA60848}.Release|x64.Build.0 = Release|Any CPU
		{A44ECC6B-1F7F-4722-AB86-9C0D6AA60848}.Release|x86.ActiveCfg = Release|Any CPU
		{A44ECC6B-1F7F-4722-AB86-9C0D6AA60848}.Release|x86.Build.0 = Release|Any CPU
		{F9632E52-5A35-4B43-8E78-97FDF3968869}.Debug|Any CPU.ActiveCfg = Debug|Any CPU
		{F9632E52-5A35-4B43-8E78-97FDF3968869}.Debug|Any CPU.Build.0 = Debug|Any CPU
		{F9632E52-5A35-4B43-8E78-97FDF3968869}.Debug|x64.ActiveCfg = Debug|Any CPU
		{F9632E52-5A35-4B43-8E78-97FDF3968869}.Debug|x64.Build.0 = Debug|Any CPU
		{F9632E52-5A35-4B43-8E78-97FDF3968869}.Debug|x86.ActiveCfg = Debug|Any CPU
		{F9632E52-5A35-4B43-8E78-97FDF3968869}.Debug|x86.Build.0 = Debug|Any CPU
		{F9632E52-5A35-4B43-8E78-97FDF3968869}.Release|Any CPU.ActiveCfg = Release|Any CPU
		{F9632E52-5A35-4B43-8E78-97FDF3968869}.Release|Any CPU.Build.0 = Release|Any CPU
		{F9632E52-5A35-4B43-8E78-97FDF3968869}.Release|x64.ActiveCfg = Release|Any CPU
		{F9632E52-5A35-4B43-8E78-97FDF3968869}.Release|x64.Build.0 = Release|Any CPU
		{F9632E52-5A35-4B43-8E78-97FDF3968869}.Release|x86.ActiveCfg = Release|Any CPU
		{F9632E52-5A35-4B43-8E78-97FDF3968869}.Release|x86.Build.0 = Release|Any CPU
		{C0D1D80B-4F9C-4641-A9C3-2E794F14229C}.Debug|Any CPU.ActiveCfg = Debug|Any CPU
		{C0D1D80B-4F9C-4641-A9C3-2E794F14229C}.Debug|Any CPU.Build.0 = Debug|Any CPU
		{C0D1D80B-4F9C-4641-A9C3-2E794F14229C}.Debug|x64.ActiveCfg = Debug|Any CPU
		{C0D1D80B-4F9C-4641-A9C3-2E794F14229C}.Debug|x64.Build.0 = Debug|Any CPU
		{C0D1D80B-4F9C-4641-A9C3-2E794F14229C}.Debug|x86.ActiveCfg = Debug|Any CPU
		{C0D1D80B-4F9C-4641-A9C3-2E794F14229C}.Debug|x86.Build.0 = Debug|Any CPU
		{C0D1D80B-4F9C-4641-A9C3-2E794F14229C}.Release|Any CPU.ActiveCfg = Release|Any CPU
		{C0D1D80B-4F9C-4641-A9C3-2E794F14229C}.Release|Any CPU.Build.0 = Release|Any CPU
		{C0D1D80B-4F9C-4641-A9C3-2E794F14229C}.Release|x64.ActiveCfg = Release|Any CPU
		{C0D1D80B-4F9C-4641-A9C3-2E794F14229C}.Release|x64.Build.0 = Release|Any CPU
		{C0D1D80B-4F9C-4641-A9C3-2E794F14229C}.Release|x86.ActiveCfg = Release|Any CPU
		{C0D1D80B-4F9C-4641-A9C3-2E794F14229C}.Release|x86.Build.0 = Release|Any CPU
		{6208217A-EDE5-43D3-9DA7-B1DC41989093}.Debug|Any CPU.ActiveCfg = Debug|Any CPU
		{6208217A-EDE5-43D3-9DA7-B1DC41989093}.Debug|Any CPU.Build.0 = Debug|Any CPU
		{6208217A-EDE5-43D3-9DA7-B1DC41989093}.Debug|x64.ActiveCfg = Debug|Any CPU
		{6208217A-EDE5-43D3-9DA7-B1DC41989093}.Debug|x64.Build.0 = Debug|Any CPU
		{6208217A-EDE5-43D3-9DA7-B1DC41989093}.Debug|x86.ActiveCfg = Debug|Any CPU
		{6208217A-EDE5-43D3-9DA7-B1DC41989093}.Debug|x86.Build.0 = Debug|Any CPU
		{6208217A-EDE5-43D3-9DA7-B1DC41989093}.Release|Any CPU.ActiveCfg = Release|Any CPU
		{6208217A-EDE5-43D3-9DA7-B1DC41989093}.Release|Any CPU.Build.0 = Release|Any CPU
		{6208217A-EDE5-43D3-9DA7-B1DC41989093}.Release|x64.ActiveCfg = Release|Any CPU
		{6208217A-EDE5-43D3-9DA7-B1DC41989093}.Release|x64.Build.0 = Release|Any CPU
		{6208217A-EDE5-43D3-9DA7-B1DC41989093}.Release|x86.ActiveCfg = Release|Any CPU
		{6208217A-EDE5-43D3-9DA7-B1DC41989093}.Release|x86.Build.0 = Release|Any CPU
		{2F8C35CC-2316-4260-9B71-B623EF10606C}.Debug|Any CPU.ActiveCfg = Debug|Any CPU
		{2F8C35CC-2316-4260-9B71-B623EF10606C}.Debug|Any CPU.Build.0 = Debug|Any CPU
		{2F8C35CC-2316-4260-9B71-B623EF10606C}.Debug|x64.ActiveCfg = Debug|Any CPU
		{2F8C35CC-2316-4260-9B71-B623EF10606C}.Debug|x64.Build.0 = Debug|Any CPU
		{2F8C35CC-2316-4260-9B71-B623EF10606C}.Debug|x86.ActiveCfg = Debug|Any CPU
		{2F8C35CC-2316-4260-9B71-B623EF10606C}.Debug|x86.Build.0 = Debug|Any CPU
		{2F8C35CC-2316-4260-9B71-B623EF10606C}.Release|Any CPU.ActiveCfg = Release|Any CPU
		{2F8C35CC-2316-4260-9B71-B623EF10606C}.Release|Any CPU.Build.0 = Release|Any CPU
		{2F8C35CC-2316-4260-9B71-B623EF10606C}.Release|x64.ActiveCfg = Release|Any CPU
		{2F8C35CC-2316-4260-9B71-B623EF10606C}.Release|x64.Build.0 = Release|Any CPU
		{2F8C35CC-2316-4260-9B71-B623EF10606C}.Release|x86.ActiveCfg = Release|Any CPU
		{2F8C35CC-2316-4260-9B71-B623EF10606C}.Release|x86.Build.0 = Release|Any CPU
		{7EA032C3-1BDC-40D5-8C03-EB94C2F36C04}.Debug|Any CPU.ActiveCfg = Debug|Any CPU
		{7EA032C3-1BDC-40D5-8C03-EB94C2F36C04}.Debug|Any CPU.Build.0 = Debug|Any CPU
		{7EA032C3-1BDC-40D5-8C03-EB94C2F36C04}.Debug|x64.ActiveCfg = Debug|Any CPU
		{7EA032C3-1BDC-40D5-8C03-EB94C2F36C04}.Debug|x64.Build.0 = Debug|Any CPU
		{7EA032C3-1BDC-40D5-8C03-EB94C2F36C04}.Debug|x86.ActiveCfg = Debug|Any CPU
		{7EA032C3-1BDC-40D5-8C03-EB94C2F36C04}.Debug|x86.Build.0 = Debug|Any CPU
		{7EA032C3-1BDC-40D5-8C03-EB94C2F36C04}.Release|Any CPU.ActiveCfg = Release|Any CPU
		{7EA032C3-1BDC-40D5-8C03-EB94C2F36C04}.Release|Any CPU.Build.0 = Release|Any CPU
		{7EA032C3-1BDC-40D5-8C03-EB94C2F36C04}.Release|x64.ActiveCfg = Release|Any CPU
		{7EA032C3-1BDC-40D5-8C03-EB94C2F36C04}.Release|x64.Build.0 = Release|Any CPU
		{7EA032C3-1BDC-40D5-8C03-EB94C2F36C04}.Release|x86.ActiveCfg = Release|Any CPU
		{7EA032C3-1BDC-40D5-8C03-EB94C2F36C04}.Release|x86.Build.0 = Release|Any CPU
		{6435E001-6AC8-4B13-9831-FF372DE98B96}.Debug|Any CPU.ActiveCfg = Debug|Any CPU
		{6435E001-6AC8-4B13-9831-FF372DE98B96}.Debug|Any CPU.Build.0 = Debug|Any CPU
		{6435E001-6AC8-4B13-9831-FF372DE98B96}.Debug|x64.ActiveCfg = Debug|Any CPU
		{6435E001-6AC8-4B13-9831-FF372DE98B96}.Debug|x64.Build.0 = Debug|Any CPU
		{6435E001-6AC8-4B13-9831-FF372DE98B96}.Debug|x86.ActiveCfg = Debug|Any CPU
		{6435E001-6AC8-4B13-9831-FF372DE98B96}.Debug|x86.Build.0 = Debug|Any CPU
		{6435E001-6AC8-4B13-9831-FF372DE98B96}.Release|Any CPU.ActiveCfg = Release|Any CPU
		{6435E001-6AC8-4B13-9831-FF372DE98B96}.Release|Any CPU.Build.0 = Release|Any CPU
		{6435E001-6AC8-4B13-9831-FF372DE98B96}.Release|x64.ActiveCfg = Release|Any CPU
		{6435E001-6AC8-4B13-9831-FF372DE98B96}.Release|x64.Build.0 = Release|Any CPU
		{6435E001-6AC8-4B13-9831-FF372DE98B96}.Release|x86.ActiveCfg = Release|Any CPU
		{6435E001-6AC8-4B13-9831-FF372DE98B96}.Release|x86.Build.0 = Release|Any CPU
	EndGlobalSection
	GlobalSection(SolutionProperties) = preSolution
		HideSolutionNode = FALSE
	EndGlobalSection
	GlobalSection(NestedProjects) = preSolution
		{7FFDAD47-D865-4B97-82A7-269F7F61F50E} = {00D5AD10-3740-487B-BC3E-7631EDDFDC9A}
		{1A70E201-B915-465D-9253-EF57E5D33FC5} = {7FFDAD47-D865-4B97-82A7-269F7F61F50E}
		{6ECCFF70-03E0-4BF3-9627-35711261FE2F} = {00D5AD10-3740-487B-BC3E-7631EDDFDC9A}
		{5748D980-7B4F-4CB2-94F6-FDC2A758F53C} = {6ECCFF70-03E0-4BF3-9627-35711261FE2F}
		{D9D4CF22-038D-4038-98B1-F0810E8A8194} = {6ECCFF70-03E0-4BF3-9627-35711261FE2F}
		{1123C2B2-065A-49EE-BA63-7EC2BA6F9AE9} = {6ECCFF70-03E0-4BF3-9627-35711261FE2F}
		{54F42494-3568-4C10-AC16-C6D48358013E} = {6ECCFF70-03E0-4BF3-9627-35711261FE2F}
		{30821928-CFF0-4935-B4CA-A52998A2EEF1} = {00D5AD10-3740-487B-BC3E-7631EDDFDC9A}
		{10CAB926-C935-46F3-B5B6-35E52028D3CD} = {30821928-CFF0-4935-B4CA-A52998A2EEF1}
		{913E85DF-D957-4D46-9AB2-B3CF45996CD1} = {30821928-CFF0-4935-B4CA-A52998A2EEF1}
		{07318A8B-0AED-4A48-A9B5-C83EBFA808EF} = {30821928-CFF0-4935-B4CA-A52998A2EEF1}
		{1E45C4FE-F441-47C2-B825-E129835E7B3B} = {30821928-CFF0-4935-B4CA-A52998A2EEF1}
		{D9E40E82-BA6E-4C16-A175-2F4F3E6864B3} = {283F609C-7E7E-41C3-AA42-360A583A8CD3}
		{A44ECC6B-1F7F-4722-AB86-9C0D6AA60848} = {D9E40E82-BA6E-4C16-A175-2F4F3E6864B3}
		{6057DF34-B0A2-42D1-A57C-22270C405244} = {283F609C-7E7E-41C3-AA42-360A583A8CD3}
		{F9632E52-5A35-4B43-8E78-97FDF3968869} = {6057DF34-B0A2-42D1-A57C-22270C405244}
		{C0D1D80B-4F9C-4641-A9C3-2E794F14229C} = {6057DF34-B0A2-42D1-A57C-22270C405244}
		{A5E18B1E-21CE-4DF0-8FB1-7FB01ADA40A7} = {283F609C-7E7E-41C3-AA42-360A583A8CD3}
		{6208217A-EDE5-43D3-9DA7-B1DC41989093} = {A5E18B1E-21CE-4DF0-8FB1-7FB01ADA40A7}
		{2F8C35CC-2316-4260-9B71-B623EF10606C} = {A5E18B1E-21CE-4DF0-8FB1-7FB01ADA40A7}
		{7EA032C3-1BDC-40D5-8C03-EB94C2F36C04} = {A5E18B1E-21CE-4DF0-8FB1-7FB01ADA40A7}
		{6435E001-6AC8-4B13-9831-FF372DE98B96} = {A5E18B1E-21CE-4DF0-8FB1-7FB01ADA40A7}
	EndGlobalSection
EndGlobal
